{
  "version": 4,
  "terraform_version": "1.13.1",
  "serial": 187,
  "lineage": "8ef766ea-8d53-0348-65fb-20e173c590bb",
  "outputs": {},
  "resources": [
    {
      "mode": "data",
      "type": "azurerm_client_config",
      "name": "current",
      "provider": "provider[\"registry.terraform.io/hashicorp/azurerm\"]",
      "instances": [
        {
          "schema_version": 0,
          "attributes": {
            "client_id": "04b07795-8ddb-461a-bbee-02f9e1bf7b46",
            "id": "Y2xpZW50Q29uZmlncy9jbGllbnRJZD0wNGIwNzc5NS04ZGRiLTQ2MWEtYmJlZS0wMmY5ZTFiZjdiNDY7b2JqZWN0SWQ9Zjc1OTA3OTAtNTljNC00MWY3LWE0ZjEtNzkxNTQ3NWQ2NjNkO3N1YnNjcmlwdGlvbklkPTQwYTVlZmY0LTczNmMtNGJmZC1iNTFjLWNlNjg1NGZkZDcxZDt0ZW5hbnRJZD1iNDFiNzJkMC00ZTlmLTRjMjYtOGE2OS1mOTQ5ZjM2N2M5MWQ=",
            "object_id": "f7590790-59c4-41f7-a4f1-7915475d663d",
            "subscription_id": "40a5eff4-736c-4bfd-b51c-ce6854fdd71d",
            "tenant_id": "b41b72d0-4e9f-4c26-8a69-f949f367c91d",
            "timeouts": null
          },
          "sensitive_attributes": [],
          "identity_schema_version": 0
        }
      ]
    },
    {
      "mode": "managed",
      "type": "azurerm_resource_group",
      "name": "main",
      "provider": "provider[\"registry.terraform.io/hashicorp/azurerm\"]",
      "instances": [
        {
          "schema_version": 0,
          "attributes": {
            "id": "/subscriptions/40a5eff4-736c-4bfd-b51c-ce6854fdd71d/resourceGroups/cmtr-31zawnrd-mod8-rg",
            "location": "westus",
            "managed_by": "",
            "name": "cmtr-31zawnrd-mod8-rg",
            "tags": {},
            "timeouts": null
          },
          "sensitive_attributes": [],
          "identity_schema_version": 0,
          "private": "eyJlMmJmYjczMC1lY2FhLTExZTYtOGY4OC0zNDM2M2JjN2M0YzAiOnsiY3JlYXRlIjo1NDAwMDAwMDAwMDAwLCJkZWxldGUiOjU0MDAwMDAwMDAwMDAsInJlYWQiOjMwMDAwMDAwMDAwMCwidXBkYXRlIjo1NDAwMDAwMDAwMDAwfX0="
        }
      ]
    },
    {
      "module": "module.aci",
      "mode": "data",
      "type": "azurerm_key_vault_secret",
      "name": "hostname_secret",
      "provider": "provider[\"registry.terraform.io/hashicorp/azurerm\"]",
      "instances": [
        {
          "schema_version": 0,
          "attributes": {
            "content_type": "",
            "expiration_date": null,
            "id": "https://cmtr-31zawnrd-mod8-kv.vault.azure.net/secrets/redis-hostname/2e7d19cb4fb74f45943a7f59e1cf968e",
            "key_vault_id": "/subscriptions/40a5eff4-736c-4bfd-b51c-ce6854fdd71d/resourceGroups/cmtr-31zawnrd-mod8-rg/providers/Microsoft.KeyVault/vaults/cmtr-31zawnrd-mod8-kv",
            "name": "redis-hostname",
            "not_before_date": null,
            "resource_id": "/subscriptions/40a5eff4-736c-4bfd-b51c-ce6854fdd71d/resourceGroups/cmtr-31zawnrd-mod8-rg/providers/Microsoft.KeyVault/vaults/cmtr-31zawnrd-mod8-kv/secrets/redis-hostname/versions/2e7d19cb4fb74f45943a7f59e1cf968e",
            "resource_versionless_id": "/subscriptions/40a5eff4-736c-4bfd-b51c-ce6854fdd71d/resourceGroups/cmtr-31zawnrd-mod8-rg/providers/Microsoft.KeyVault/vaults/cmtr-31zawnrd-mod8-kv/secrets/redis-hostname",
            "tags": {},
            "timeouts": null,
            "value": "cmtr-31zawnrd-mod8-redis.redis.cache.windows.net",
            "version": "2e7d19cb4fb74f45943a7f59e1cf968e",
            "versionless_id": "https://cmtr-31zawnrd-mod8-kv.vault.azure.net/secrets/redis-hostname"
          },
          "sensitive_attributes": [
            [
              {
                "type": "get_attr",
                "value": "value"
              }
            ]
          ],
          "identity_schema_version": 0
        }
      ]
    },
    {
      "module": "module.aci",
      "mode": "data",
      "type": "azurerm_key_vault_secret",
      "name": "key_secret",
      "provider": "provider[\"registry.terraform.io/hashicorp/azurerm\"]",
      "instances": [
        {
          "schema_version": 0,
          "attributes": {
            "content_type": "",
            "expiration_date": null,
            "id": "https://cmtr-31zawnrd-mod8-kv.vault.azure.net/secrets/redis-primary-key/ce4aa5fdbbb94d7d97136b10de90358b",
            "key_vault_id": "/subscriptions/40a5eff4-736c-4bfd-b51c-ce6854fdd71d/resourceGroups/cmtr-31zawnrd-mod8-rg/providers/Microsoft.KeyVault/vaults/cmtr-31zawnrd-mod8-kv",
            "name": "redis-primary-key",
            "not_before_date": null,
            "resource_id": "/subscriptions/40a5eff4-736c-4bfd-b51c-ce6854fdd71d/resourceGroups/cmtr-31zawnrd-mod8-rg/providers/Microsoft.KeyVault/vaults/cmtr-31zawnrd-mod8-kv/secrets/redis-primary-key/versions/ce4aa5fdbbb94d7d97136b10de90358b",
            "resource_versionless_id": "/subscriptions/40a5eff4-736c-4bfd-b51c-ce6854fdd71d/resourceGroups/cmtr-31zawnrd-mod8-rg/providers/Microsoft.KeyVault/vaults/cmtr-31zawnrd-mod8-kv/secrets/redis-primary-key",
            "tags": {},
            "timeouts": null,
            "value": "JDQcS7RFFgzfpVnAJ6JlSacmT1yms4bz8AzCaBcrJCs=",
            "version": "ce4aa5fdbbb94d7d97136b10de90358b",
            "versionless_id": "https://cmtr-31zawnrd-mod8-kv.vault.azure.net/secrets/redis-primary-key"
          },
          "sensitive_attributes": [
            [
              {
                "type": "get_attr",
                "value": "value"
              }
            ]
          ],
          "identity_schema_version": 0
        }
      ]
    },
    {
      "module": "module.aci",
      "mode": "managed",
      "type": "azurerm_container_group",
      "name": "main",
      "provider": "provider[\"registry.terraform.io/hashicorp/azurerm\"]",
      "instances": [
        {
          "schema_version": 0,
          "attributes": {
            "container": [
              {
                "commands": [],
                "cpu": 1,
                "cpu_limit": 0,
                "environment_variables": {
                  "CREATOR": "ACI",
                  "REDIS_PORT": "6380",
                  "REDIS_SSL_MODE": "true"
                },
                "gpu": [],
                "gpu_limit": [],
                "image": "cmtr31zawnrdmod8cr.azurecr.io/cmtr-31zawnrd-mod8-app:latest",
                "liveness_probe": [],
                "memory": 1.5,
                "memory_limit": 0,
                "name": "app",
                "ports": [
                  {
                    "port": 80,
                    "protocol": "TCP"
                  }
                ],
                "readiness_probe": [],
                "secure_environment_variables": {
                  "REDIS_PWD": "JDQcS7RFFgzfpVnAJ6JlSacmT1yms4bz8AzCaBcrJCs=",
                  "REDIS_URL": "cmtr-31zawnrd-mod8-redis.redis.cache.windows.net"
                },
                "security": [],
                "volume": []
              }
            ],
            "diagnostics": [],
            "dns_config": [],
            "dns_name_label": "cmtr-31zawnrd-mod8-ci",
            "dns_name_label_reuse_policy": "Unsecure",
            "exposed_port": [
              {
                "port": 80,
                "protocol": "TCP"
              }
            ],
            "fqdn": "cmtr-31zawnrd-mod8-ci.westus.azurecontainer.io",
            "id": "/subscriptions/40a5eff4-736c-4bfd-b51c-ce6854fdd71d/resourceGroups/cmtr-31zawnrd-mod8-rg/providers/Microsoft.ContainerInstance/containerGroups/cmtr-31zawnrd-mod8-ci",
            "identity": [],
            "image_registry_credential": [
              {
                "password": "j3zKQpdTqyqUchxquUSY+1wzrhS7iOA8hXACgEVt5z+ACRBaZxKK",
                "server": "cmtr31zawnrdmod8cr.azurecr.io",
                "user_assigned_identity_id": "",
                "username": "cmtr31zawnrdmod8cr"
              }
            ],
            "init_container": [],
            "ip_address": "20.245.195.135",
            "ip_address_type": "Public",
            "key_vault_key_id": null,
            "key_vault_user_assigned_identity_id": null,
            "location": "westus",
            "name": "cmtr-31zawnrd-mod8-ci",
            "network_profile_id": null,
            "os_type": "Linux",
            "priority": "",
            "resource_group_name": "cmtr-31zawnrd-mod8-rg",
            "restart_policy": "Always",
            "sku": "Standard",
            "subnet_ids": null,
            "tags": {
              "Creator": "behroz_ilhomov@epam.com"
            },
            "timeouts": null,
            "zones": null
          },
          "sensitive_attributes": [
            [
              {
                "type": "get_attr",
                "value": "container"
              },
              {
                "type": "index",
                "value": {
                  "value": 0,
                  "type": "number"
                }
              },
              {
                "type": "get_attr",
                "value": "secure_environment_variables"
              }
            ],
            [
              {
                "type": "get_attr",
                "value": "container"
              },
              {
                "type": "index",
                "value": {
                  "value": 0,
                  "type": "number"
                }
              },
              {
                "type": "get_attr",
                "value": "secure_environment_variables"
              },
              {
                "type": "index",
                "value": {
                  "value": "REDIS_PWD",
                  "type": "string"
                }
              }
            ],
            [
              {
                "type": "get_attr",
                "value": "container"
              },
              {
                "type": "index",
                "value": {
                  "value": 0,
                  "type": "number"
                }
              },
              {
                "type": "get_attr",
                "value": "secure_environment_variables"
              },
              {
                "type": "index",
                "value": {
                  "value": "REDIS_URL",
                  "type": "string"
                }
              }
            ],
            [
              {
                "type": "get_attr",
                "value": "image_registry_credential"
              },
              {
                "type": "index",
                "value": {
                  "value": 0,
                  "type": "number"
                }
              },
              {
                "type": "get_attr",
                "value": "password"
              }
            ]
          ],
          "identity_schema_version": 0,
          "private": "eyJlMmJmYjczMC1lY2FhLTExZTYtOGY4OC0zNDM2M2JjN2M0YzAiOnsiY3JlYXRlIjozNjAwMDAwMDAwMDAwLCJkZWxldGUiOjE4MDAwMDAwMDAwMDAsInJlYWQiOjMwMDAwMDAwMDAwMCwidXBkYXRlIjoxODAwMDAwMDAwMDAwfX0=",
          "dependencies": [
            "azurerm_resource_group.main",
            "data.azurerm_client_config.current",
            "module.aci.data.azurerm_key_vault_secret.hostname_secret",
            "module.aci.data.azurerm_key_vault_secret.key_secret",
            "module.acr.azurerm_container_registry.acr",
            "module.keyvault.azurerm_key_vault.main",
            "module.redis.azurerm_key_vault_secret.redis_hostname",
            "module.redis.azurerm_key_vault_secret.redis_primary_key",
            "module.redis.azurerm_redis_cache.main"
          ]
        }
      ]
    },
    {
      "module": "module.acr",
      "mode": "managed",
      "type": "azurerm_container_registry",
      "name": "acr",
      "provider": "provider[\"registry.terraform.io/hashicorp/azurerm\"]",
      "instances": [
        {
          "schema_version": 2,
          "attributes": {
            "admin_enabled": true,
            "admin_password": "j3zKQpdTqyqUchxquUSY+1wzrhS7iOA8hXACgEVt5z+ACRBaZxKK",
            "admin_username": "cmtr31zawnrdmod8cr",
            "anonymous_pull_enabled": false,
            "data_endpoint_enabled": false,
            "encryption": [
              {
                "enabled": false,
                "identity_client_id": "",
                "key_vault_key_id": ""
              }
            ],
            "export_policy_enabled": true,
            "georeplications": [],
            "id": "/subscriptions/40a5eff4-736c-4bfd-b51c-ce6854fdd71d/resourceGroups/cmtr-31zawnrd-mod8-rg/providers/Microsoft.ContainerRegistry/registries/cmtr31zawnrdmod8cr",
            "identity": [],
            "location": "westus",
            "login_server": "cmtr31zawnrdmod8cr.azurecr.io",
            "name": "cmtr31zawnrdmod8cr",
            "network_rule_bypass_option": "AzureServices",
            "network_rule_set": [],
            "public_network_access_enabled": true,
            "quarantine_policy_enabled": false,
            "resource_group_name": "cmtr-31zawnrd-mod8-rg",
            "retention_policy": [
              {
                "days": 7,
                "enabled": false
              }
            ],
            "sku": "Basic",
            "tags": {},
            "timeouts": null,
            "trust_policy": [
              {
                "enabled": false
              }
            ],
            "zone_redundancy_enabled": false
          },
          "sensitive_attributes": [
            [
              {
                "type": "get_attr",
                "value": "admin_password"
              }
            ]
          ],
          "identity_schema_version": 0,
          "private": "eyJlMmJmYjczMC1lY2FhLTExZTYtOGY4OC0zNDM2M2JjN2M0YzAiOnsiY3JlYXRlIjoxODAwMDAwMDAwMDAwLCJkZWxldGUiOjE4MDAwMDAwMDAwMDAsInJlYWQiOjMwMDAwMDAwMDAwMCwidXBkYXRlIjoxODAwMDAwMDAwMDAwfSwic2NoZW1hX3ZlcnNpb24iOiIyIn0=",
          "dependencies": [
            "azurerm_resource_group.main"
          ]
        }
      ]
    },
    {
      "module": "module.keyvault",
      "mode": "managed",
      "type": "azurerm_key_vault",
      "name": "main",
      "provider": "provider[\"registry.terraform.io/hashicorp/azurerm\"]",
      "instances": [
        {
          "schema_version": 2,
          "attributes": {
            "access_policy": [
              {
                "application_id": "",
                "certificate_permissions": [],
                "key_permissions": [
                  "Create",
                  "Get"
                ],
                "object_id": "f7590790-59c4-41f7-a4f1-7915475d663d",
                "secret_permissions": [
                  "Set",
                  "Get",
                  "Delete",
                  "Purge",
                  "Recover"
                ],
                "storage_permissions": [],
                "tenant_id": "b41b72d0-4e9f-4c26-8a69-f949f367c91d"
              }
            ],
            "contact": [],
            "enable_rbac_authorization": false,
            "enabled_for_deployment": false,
            "enabled_for_disk_encryption": true,
            "enabled_for_template_deployment": false,
            "id": "/subscriptions/40a5eff4-736c-4bfd-b51c-ce6854fdd71d/resourceGroups/cmtr-31zawnrd-mod8-rg/providers/Microsoft.KeyVault/vaults/cmtr-31zawnrd-mod8-kv",
            "location": "westus",
            "name": "cmtr-31zawnrd-mod8-kv",
            "network_acls": [
              {
                "bypass": "AzureServices",
                "default_action": "Allow",
                "ip_rules": [],
                "virtual_network_subnet_ids": []
              }
            ],
            "public_network_access_enabled": true,
            "purge_protection_enabled": false,
            "resource_group_name": "cmtr-31zawnrd-mod8-rg",
            "sku_name": "standard",
            "soft_delete_retention_days": 7,
            "tags": {},
            "tenant_id": "b41b72d0-4e9f-4c26-8a69-f949f367c91d",
            "timeouts": null,
            "vault_uri": "https://cmtr-31zawnrd-mod8-kv.vault.azure.net/"
          },
          "sensitive_attributes": [],
          "identity_schema_version": 0,
          "private": "eyJlMmJmYjczMC1lY2FhLTExZTYtOGY4OC0zNDM2M2JjN2M0YzAiOnsiY3JlYXRlIjoxODAwMDAwMDAwMDAwLCJkZWxldGUiOjE4MDAwMDAwMDAwMDAsInJlYWQiOjMwMDAwMDAwMDAwMCwidXBkYXRlIjoxODAwMDAwMDAwMDAwfSwic2NoZW1hX3ZlcnNpb24iOiIyIn0=",
          "dependencies": [
            "azurerm_resource_group.main",
            "data.azurerm_client_config.current"
          ]
        }
      ]
    },
    {
      "module": "module.redis",
      "mode": "managed",
      "type": "azurerm_key_vault_secret",
      "name": "redis_hostname",
      "provider": "provider[\"registry.terraform.io/hashicorp/azurerm\"]",
      "instances": [
        {
          "schema_version": 0,
          "attributes": {
            "content_type": "",
            "expiration_date": null,
            "id": "https://cmtr-31zawnrd-mod8-kv.vault.azure.net/secrets/redis-hostname/2e7d19cb4fb74f45943a7f59e1cf968e",
            "key_vault_id": "/subscriptions/40a5eff4-736c-4bfd-b51c-ce6854fdd71d/resourceGroups/cmtr-31zawnrd-mod8-rg/providers/Microsoft.KeyVault/vaults/cmtr-31zawnrd-mod8-kv",
            "name": "redis-hostname",
            "not_before_date": null,
            "resource_id": "/subscriptions/40a5eff4-736c-4bfd-b51c-ce6854fdd71d/resourceGroups/cmtr-31zawnrd-mod8-rg/providers/Microsoft.KeyVault/vaults/cmtr-31zawnrd-mod8-kv/secrets/redis-hostname/versions/2e7d19cb4fb74f45943a7f59e1cf968e",
            "resource_versionless_id": "/subscriptions/40a5eff4-736c-4bfd-b51c-ce6854fdd71d/resourceGroups/cmtr-31zawnrd-mod8-rg/providers/Microsoft.KeyVault/vaults/cmtr-31zawnrd-mod8-kv/secrets/redis-hostname",
            "tags": {},
            "timeouts": null,
            "value": "cmtr-31zawnrd-mod8-redis.redis.cache.windows.net",
            "version": "2e7d19cb4fb74f45943a7f59e1cf968e",
            "versionless_id": "https://cmtr-31zawnrd-mod8-kv.vault.azure.net/secrets/redis-hostname"
          },
          "sensitive_attributes": [
            [
              {
                "type": "get_attr",
                "value": "value"
              }
            ]
          ],
          "identity_schema_version": 0,
          "private": "eyJlMmJmYjczMC1lY2FhLTExZTYtOGY4OC0zNDM2M2JjN2M0YzAiOnsiY3JlYXRlIjoxODAwMDAwMDAwMDAwLCJkZWxldGUiOjE4MDAwMDAwMDAwMDAsInJlYWQiOjE4MDAwMDAwMDAwMDAsInVwZGF0ZSI6MTgwMDAwMDAwMDAwMH0sInNjaGVtYV92ZXJzaW9uIjoiMCJ9",
          "dependencies": [
            "azurerm_resource_group.main",
            "data.azurerm_client_config.current",
            "module.keyvault.azurerm_key_vault.main",
            "module.redis.azurerm_redis_cache.main"
          ]
        }
      ]
    },
    {
      "module": "module.redis",
      "mode": "managed",
      "type": "azurerm_key_vault_secret",
      "name": "redis_primary_key",
      "provider": "provider[\"registry.terraform.io/hashicorp/azurerm\"]",
      "instances": [
        {
          "schema_version": 0,
          "attributes": {
            "content_type": "",
            "expiration_date": null,
            "id": "https://cmtr-31zawnrd-mod8-kv.vault.azure.net/secrets/redis-primary-key/ce4aa5fdbbb94d7d97136b10de90358b",
            "key_vault_id": "/subscriptions/40a5eff4-736c-4bfd-b51c-ce6854fdd71d/resourceGroups/cmtr-31zawnrd-mod8-rg/providers/Microsoft.KeyVault/vaults/cmtr-31zawnrd-mod8-kv",
            "name": "redis-primary-key",
            "not_before_date": null,
            "resource_id": "/subscriptions/40a5eff4-736c-4bfd-b51c-ce6854fdd71d/resourceGroups/cmtr-31zawnrd-mod8-rg/providers/Microsoft.KeyVault/vaults/cmtr-31zawnrd-mod8-kv/secrets/redis-primary-key/versions/ce4aa5fdbbb94d7d97136b10de90358b",
            "resource_versionless_id": "/subscriptions/40a5eff4-736c-4bfd-b51c-ce6854fdd71d/resourceGroups/cmtr-31zawnrd-mod8-rg/providers/Microsoft.KeyVault/vaults/cmtr-31zawnrd-mod8-kv/secrets/redis-primary-key",
            "tags": {},
            "timeouts": null,
            "value": "JDQcS7RFFgzfpVnAJ6JlSacmT1yms4bz8AzCaBcrJCs=",
            "version": "ce4aa5fdbbb94d7d97136b10de90358b",
            "versionless_id": "https://cmtr-31zawnrd-mod8-kv.vault.azure.net/secrets/redis-primary-key"
          },
          "sensitive_attributes": [
            [
              {
                "type": "get_attr",
                "value": "value"
              }
            ]
          ],
          "identity_schema_version": 0,
          "private": "eyJlMmJmYjczMC1lY2FhLTExZTYtOGY4OC0zNDM2M2JjN2M0YzAiOnsiY3JlYXRlIjoxODAwMDAwMDAwMDAwLCJkZWxldGUiOjE4MDAwMDAwMDAwMDAsInJlYWQiOjE4MDAwMDAwMDAwMDAsInVwZGF0ZSI6MTgwMDAwMDAwMDAwMH19",
          "dependencies": [
            "azurerm_resource_group.main",
            "data.azurerm_client_config.current",
            "module.keyvault.azurerm_key_vault.main",
            "module.redis.azurerm_redis_cache.main"
          ]
        }
      ]
    },
    {
      "module": "module.redis",
      "mode": "managed",
      "type": "azurerm_redis_cache",
      "name": "main",
      "provider": "provider[\"registry.terraform.io/hashicorp/azurerm\"]",
      "instances": [
        {
          "schema_version": 1,
          "attributes": {
            "capacity": 2,
            "enable_non_ssl_port": false,
            "family": "C",
            "hostname": "cmtr-31zawnrd-mod8-redis.redis.cache.windows.net",
            "id": "/subscriptions/40a5eff4-736c-4bfd-b51c-ce6854fdd71d/resourceGroups/cmtr-31zawnrd-mod8-rg/providers/Microsoft.Cache/redis/cmtr-31zawnrd-mod8-redis",
            "identity": [],
            "location": "westus",
            "minimum_tls_version": "1.2",
            "name": "cmtr-31zawnrd-mod8-redis",
            "non_ssl_port_enabled": false,
            "patch_schedule": [],
            "port": 6379,
            "primary_access_key": "JDQcS7RFFgzfpVnAJ6JlSacmT1yms4bz8AzCaBcrJCs=",
            "primary_connection_string": "cmtr-31zawnrd-mod8-redis.redis.cache.windows.net:6380,password=JDQcS7RFFgzfpVnAJ6JlSacmT1yms4bz8AzCaBcrJCs=,ssl=true,abortConnect=False",
            "private_static_ip_address": "",
            "public_network_access_enabled": true,
            "redis_configuration": [
              {
                "active_directory_authentication_enabled": false,
                "aof_backup_enabled": false,
                "aof_storage_connection_string_0": "",
                "aof_storage_connection_string_1": "",
                "authentication_enabled": true,
                "data_persistence_authentication_method": "SAS",
                "enable_authentication": true,
                "maxclients": 2000,
                "maxfragmentationmemory_reserved": 299,
                "maxmemory_delta": 299,
                "maxmemory_policy": "volatile-lru",
                "maxmemory_reserved": 299,
                "notify_keyspace_events": "",
                "rdb_backup_enabled": false,
                "rdb_backup_frequency": 0,
                "rdb_backup_max_snapshot_count": 0,
                "rdb_storage_connection_string": "",
                "storage_account_subscription_id": ""
              }
            ],
            "redis_version": "6.0",
            "replicas_per_master": 0,
            "replicas_per_primary": 0,
            "resource_group_name": "cmtr-31zawnrd-mod8-rg",
            "secondary_access_key": "X3ar73ZiRvZ6wVAKBVvG6kyACDerO50IdAzCaHaNRYU=",
            "secondary_connection_string": "cmtr-31zawnrd-mod8-redis.redis.cache.windows.net:6380,password=X3ar73ZiRvZ6wVAKBVvG6kyACDerO50IdAzCaHaNRYU=,ssl=true,abortConnect=False",
            "shard_count": 0,
            "sku_name": "Basic",
            "ssl_port": 6380,
            "subnet_id": "",
            "tags": {},
            "tenant_settings": {},
            "timeouts": null,
            "zones": []
          },
          "sensitive_attributes": [
            [
              {
                "type": "get_attr",
                "value": "primary_access_key"
              }
            ],
            [
              {
                "type": "get_attr",
                "value": "primary_connection_string"
              }
            ],
            [
              {
                "type": "get_attr",
                "value": "redis_configuration"
              },
              {
                "type": "index",
                "value": {
                  "value": 0,
                  "type": "number"
                }
              },
              {
                "type": "get_attr",
                "value": "aof_storage_connection_string_0"
              }
            ],
            [
              {
                "type": "get_attr",
                "value": "redis_configuration"
              },
              {
                "type": "index",
                "value": {
                  "value": 0,
                  "type": "number"
                }
              },
              {
                "type": "get_attr",
                "value": "aof_storage_connection_string_1"
              }
            ],
            [
              {
                "type": "get_attr",
                "value": "redis_configuration"
              },
              {
                "type": "index",
                "value": {
                  "value": 0,
                  "type": "number"
                }
              },
              {
                "type": "get_attr",
                "value": "rdb_storage_connection_string"
              }
            ],
            [
              {
                "type": "get_attr",
                "value": "secondary_access_key"
              }
            ],
            [
              {
                "type": "get_attr",
                "value": "secondary_connection_string"
              }
            ]
          ],
          "identity_schema_version": 0,
          "private": "eyJlMmJmYjczMC1lY2FhLTExZTYtOGY4OC0zNDM2M2JjN2M0YzAiOnsiY3JlYXRlIjoxMDgwMDAwMDAwMDAwMCwiZGVsZXRlIjoxMDgwMDAwMDAwMDAwMCwicmVhZCI6MzAwMDAwMDAwMDAwLCJ1cGRhdGUiOjEwODAwMDAwMDAwMDAwfSwic2NoZW1hX3ZlcnNpb24iOiIxIn0=",
          "dependencies": [
            "azurerm_resource_group.main",
            "data.azurerm_client_config.current",
            "module.keyvault.azurerm_key_vault.main"
          ]
        }
      ]
    }
  ],
  "check_results": null
}
