{
  "version": 4,
  "terraform_version": "1.13.1",
  "serial": 201,
  "lineage": "8ef766ea-8d53-0348-65fb-20e173c590bb",
  "outputs": {},
  "resources": [
    {
      "mode": "data",
      "type": "azurerm_client_config",
      "name": "current",
      "provider": "provider[\"registry.terraform.io/hashicorp/azurerm\"]",
      "instances": [
        {
          "schema_version": 0,
          "attributes": {
            "client_id": "04b07795-8ddb-461a-bbee-02f9e1bf7b46",
            "id": "Y2xpZW50Q29uZmlncy9jbGllbnRJZD0wNGIwNzc5NS04ZGRiLTQ2MWEtYmJlZS0wMmY5ZTFiZjdiNDY7b2JqZWN0SWQ9Zjc1OTA3OTAtNTljNC00MWY3LWE0ZjEtNzkxNTQ3NWQ2NjNkO3N1YnNjcmlwdGlvbklkPTQwYTVlZmY0LTczNmMtNGJmZC1iNTFjLWNlNjg1NGZkZDcxZDt0ZW5hbnRJZD1iNDFiNzJkMC00ZTlmLTRjMjYtOGE2OS1mOTQ5ZjM2N2M5MWQ=",
            "object_id": "f7590790-59c4-41f7-a4f1-7915475d663d",
            "subscription_id": "40a5eff4-736c-4bfd-b51c-ce6854fdd71d",
            "tenant_id": "b41b72d0-4e9f-4c26-8a69-f949f367c91d",
            "timeouts": null
          },
          "sensitive_attributes": [],
          "identity_schema_version": 0
        }
      ]
    },
    {
      "mode": "managed",
      "type": "azurerm_resource_group",
      "name": "main",
      "provider": "provider[\"registry.terraform.io/hashicorp/azurerm\"]",
      "instances": [
        {
          "schema_version": 0,
          "attributes": {
            "id": "/subscriptions/40a5eff4-736c-4bfd-b51c-ce6854fdd71d/resourceGroups/cmtr-31zawnrd-mod8-rg",
            "location": "westus",
            "managed_by": "",
            "name": "cmtr-31zawnrd-mod8-rg",
            "tags": null,
            "timeouts": null
          },
          "sensitive_attributes": [],
          "identity_schema_version": 0,
          "private": "eyJlMmJmYjczMC1lY2FhLTExZTYtOGY4OC0zNDM2M2JjN2M0YzAiOnsiY3JlYXRlIjo1NDAwMDAwMDAwMDAwLCJkZWxldGUiOjU0MDAwMDAwMDAwMDAsInJlYWQiOjMwMDAwMDAwMDAwMCwidXBkYXRlIjo1NDAwMDAwMDAwMDAwfX0="
        }
      ]
    },
    {
      "module": "module.aci",
      "mode": "data",
      "type": "azurerm_key_vault_secret",
      "name": "hostname_secret",
      "provider": "provider[\"registry.terraform.io/hashicorp/azurerm\"]",
      "instances": [
        {
          "schema_version": 0,
          "attributes": {
            "content_type": "",
            "expiration_date": null,
            "id": "https://cmtr-31zawnrd-mod8-kv.vault.azure.net/secrets/redis-hostname/6b06c5900d404b058d701c1f0f9ba662",
            "key_vault_id": "/subscriptions/40a5eff4-736c-4bfd-b51c-ce6854fdd71d/resourceGroups/cmtr-31zawnrd-mod8-rg/providers/Microsoft.KeyVault/vaults/cmtr-31zawnrd-mod8-kv",
            "name": "redis-hostname",
            "not_before_date": null,
            "resource_id": "/subscriptions/40a5eff4-736c-4bfd-b51c-ce6854fdd71d/resourceGroups/cmtr-31zawnrd-mod8-rg/providers/Microsoft.KeyVault/vaults/cmtr-31zawnrd-mod8-kv/secrets/redis-hostname/versions/6b06c5900d404b058d701c1f0f9ba662",
            "resource_versionless_id": "/subscriptions/40a5eff4-736c-4bfd-b51c-ce6854fdd71d/resourceGroups/cmtr-31zawnrd-mod8-rg/providers/Microsoft.KeyVault/vaults/cmtr-31zawnrd-mod8-kv/secrets/redis-hostname",
            "tags": {},
            "timeouts": null,
            "value": "cmtr-31zawnrd-mod8-redis.redis.cache.windows.net",
            "version": "6b06c5900d404b058d701c1f0f9ba662",
            "versionless_id": "https://cmtr-31zawnrd-mod8-kv.vault.azure.net/secrets/redis-hostname"
          },
          "sensitive_attributes": [
            [
              {
                "type": "get_attr",
                "value": "value"
              }
            ]
          ],
          "identity_schema_version": 0
        }
      ]
    },
    {
      "module": "module.aci",
      "mode": "data",
      "type": "azurerm_key_vault_secret",
      "name": "key_secret",
      "provider": "provider[\"registry.terraform.io/hashicorp/azurerm\"]",
      "instances": [
        {
          "schema_version": 0,
          "attributes": {
            "content_type": "",
            "expiration_date": null,
            "id": "https://cmtr-31zawnrd-mod8-kv.vault.azure.net/secrets/redis-primary-key/cbcd52138e5040699e6f4e7f3e6b406d",
            "key_vault_id": "/subscriptions/40a5eff4-736c-4bfd-b51c-ce6854fdd71d/resourceGroups/cmtr-31zawnrd-mod8-rg/providers/Microsoft.KeyVault/vaults/cmtr-31zawnrd-mod8-kv",
            "name": "redis-primary-key",
            "not_before_date": null,
            "resource_id": "/subscriptions/40a5eff4-736c-4bfd-b51c-ce6854fdd71d/resourceGroups/cmtr-31zawnrd-mod8-rg/providers/Microsoft.KeyVault/vaults/cmtr-31zawnrd-mod8-kv/secrets/redis-primary-key/versions/cbcd52138e5040699e6f4e7f3e6b406d",
            "resource_versionless_id": "/subscriptions/40a5eff4-736c-4bfd-b51c-ce6854fdd71d/resourceGroups/cmtr-31zawnrd-mod8-rg/providers/Microsoft.KeyVault/vaults/cmtr-31zawnrd-mod8-kv/secrets/redis-primary-key",
            "tags": {},
            "timeouts": null,
            "value": "5v0HWbxdhKCIUfoWdWki9MDTN4UItpDd9AzCaCrusQ4=",
            "version": "cbcd52138e5040699e6f4e7f3e6b406d",
            "versionless_id": "https://cmtr-31zawnrd-mod8-kv.vault.azure.net/secrets/redis-primary-key"
          },
          "sensitive_attributes": [
            [
              {
                "type": "get_attr",
                "value": "value"
              }
            ]
          ],
          "identity_schema_version": 0
        }
      ]
    },
    {
      "module": "module.aci",
      "mode": "managed",
      "type": "azurerm_container_group",
      "name": "main",
      "provider": "provider[\"registry.terraform.io/hashicorp/azurerm\"]",
      "instances": [
        {
          "schema_version": 0,
          "attributes": {
            "container": [
              {
                "commands": [],
                "cpu": 1,
                "cpu_limit": 0,
                "environment_variables": {
                  "CREATOR": "ACI",
                  "REDIS_PORT": "6380",
                  "REDIS_SSL_MODE": "true"
                },
                "gpu": [],
                "gpu_limit": [],
                "image": "cmtr31zawnrdmod8cr.azurecr.io/cmtr-31zawnrd-mod8-app:latest",
                "liveness_probe": [],
                "memory": 1.5,
                "memory_limit": 0,
                "name": "app",
                "ports": [
                  {
                    "port": 80,
                    "protocol": "TCP"
                  }
                ],
                "readiness_probe": [],
                "secure_environment_variables": {
                  "REDIS_PWD": "5v0HWbxdhKCIUfoWdWki9MDTN4UItpDd9AzCaCrusQ4=",
                  "REDIS_URL": "cmtr-31zawnrd-mod8-redis.redis.cache.windows.net"
                },
                "security": [],
                "volume": []
              }
            ],
            "diagnostics": [],
            "dns_config": [],
            "dns_name_label": "cmtr-31zawnrd-mod8-ci",
            "dns_name_label_reuse_policy": "Unsecure",
            "exposed_port": [
              {
                "port": 80,
                "protocol": "TCP"
              }
            ],
            "fqdn": "cmtr-31zawnrd-mod8-ci.westus.azurecontainer.io",
            "id": "/subscriptions/40a5eff4-736c-4bfd-b51c-ce6854fdd71d/resourceGroups/cmtr-31zawnrd-mod8-rg/providers/Microsoft.ContainerInstance/containerGroups/cmtr-31zawnrd-mod8-ci",
            "identity": [],
            "image_registry_credential": [
              {
                "password": "m63VIMzbrdstId7O24aXwa4/7SDJeEpZ1c4pE/nvG9+ACRCQW8Wx",
                "server": "cmtr31zawnrdmod8cr.azurecr.io",
                "user_assigned_identity_id": "",
                "username": "cmtr31zawnrdmod8cr"
              }
            ],
            "init_container": [],
            "ip_address": "172.185.42.13",
            "ip_address_type": "Public",
            "key_vault_key_id": null,
            "key_vault_user_assigned_identity_id": null,
            "location": "westus",
            "name": "cmtr-31zawnrd-mod8-ci",
            "network_profile_id": null,
            "os_type": "Linux",
            "priority": "",
            "resource_group_name": "cmtr-31zawnrd-mod8-rg",
            "restart_policy": "Always",
            "sku": "Standard",
            "subnet_ids": null,
            "tags": {
              "Creator": "behroz_ilhomov@epam.com"
            },
            "timeouts": null,
            "zones": null
          },
          "sensitive_attributes": [
            [
              {
                "type": "get_attr",
                "value": "container"
              },
              {
                "type": "index",
                "value": {
                  "value": 0,
                  "type": "number"
                }
              },
              {
                "type": "get_attr",
                "value": "secure_environment_variables"
              }
            ],
            [
              {
                "type": "get_attr",
                "value": "container"
              },
              {
                "type": "index",
                "value": {
                  "value": 0,
                  "type": "number"
                }
              },
              {
                "type": "get_attr",
                "value": "secure_environment_variables"
              },
              {
                "type": "index",
                "value": {
                  "value": "REDIS_PWD",
                  "type": "string"
                }
              }
            ],
            [
              {
                "type": "get_attr",
                "value": "container"
              },
              {
                "type": "index",
                "value": {
                  "value": 0,
                  "type": "number"
                }
              },
              {
                "type": "get_attr",
                "value": "secure_environment_variables"
              },
              {
                "type": "index",
                "value": {
                  "value": "REDIS_URL",
                  "type": "string"
                }
              }
            ],
            [
              {
                "type": "get_attr",
                "value": "image_registry_credential"
              },
              {
                "type": "index",
                "value": {
                  "value": 0,
                  "type": "number"
                }
              },
              {
                "type": "get_attr",
                "value": "password"
              }
            ]
          ],
          "identity_schema_version": 0,
          "private": "eyJlMmJmYjczMC1lY2FhLTExZTYtOGY4OC0zNDM2M2JjN2M0YzAiOnsiY3JlYXRlIjozNjAwMDAwMDAwMDAwLCJkZWxldGUiOjE4MDAwMDAwMDAwMDAsInJlYWQiOjMwMDAwMDAwMDAwMCwidXBkYXRlIjoxODAwMDAwMDAwMDAwfX0=",
          "dependencies": [
            "azurerm_resource_group.main",
            "data.azurerm_client_config.current",
            "module.aci.data.azurerm_key_vault_secret.hostname_secret",
            "module.aci.data.azurerm_key_vault_secret.key_secret",
            "module.acr.azurerm_container_registry.acr",
            "module.keyvault.azurerm_key_vault.main",
            "module.redis.azurerm_key_vault_secret.redis_hostname",
            "module.redis.azurerm_key_vault_secret.redis_primary_key",
            "module.redis.azurerm_redis_cache.main"
          ]
        }
      ]
    },
    {
      "module": "module.acr",
      "mode": "managed",
      "type": "azurerm_container_registry",
      "name": "acr",
      "provider": "provider[\"registry.terraform.io/hashicorp/azurerm\"]",
      "instances": [
        {
          "schema_version": 2,
          "attributes": {
            "admin_enabled": true,
            "admin_password": "m63VIMzbrdstId7O24aXwa4/7SDJeEpZ1c4pE/nvG9+ACRCQW8Wx",
            "admin_username": "cmtr31zawnrdmod8cr",
            "anonymous_pull_enabled": false,
            "data_endpoint_enabled": false,
            "encryption": [
              {
                "enabled": false,
                "identity_client_id": "",
                "key_vault_key_id": ""
              }
            ],
            "export_policy_enabled": true,
            "georeplications": [],
            "id": "/subscriptions/40a5eff4-736c-4bfd-b51c-ce6854fdd71d/resourceGroups/cmtr-31zawnrd-mod8-rg/providers/Microsoft.ContainerRegistry/registries/cmtr31zawnrdmod8cr",
            "identity": [],
            "location": "westus",
            "login_server": "cmtr31zawnrdmod8cr.azurecr.io",
            "name": "cmtr31zawnrdmod8cr",
            "network_rule_bypass_option": "AzureServices",
            "network_rule_set": [],
            "public_network_access_enabled": true,
            "quarantine_policy_enabled": false,
            "resource_group_name": "cmtr-31zawnrd-mod8-rg",
            "retention_policy": [
              {
                "days": 7,
                "enabled": false
              }
            ],
            "sku": "Basic",
            "tags": null,
            "timeouts": null,
            "trust_policy": [
              {
                "enabled": false
              }
            ],
            "zone_redundancy_enabled": false
          },
          "sensitive_attributes": [
            [
              {
                "type": "get_attr",
                "value": "admin_password"
              }
            ]
          ],
          "identity_schema_version": 0,
          "private": "eyJlMmJmYjczMC1lY2FhLTExZTYtOGY4OC0zNDM2M2JjN2M0YzAiOnsiY3JlYXRlIjoxODAwMDAwMDAwMDAwLCJkZWxldGUiOjE4MDAwMDAwMDAwMDAsInJlYWQiOjMwMDAwMDAwMDAwMCwidXBkYXRlIjoxODAwMDAwMDAwMDAwfSwic2NoZW1hX3ZlcnNpb24iOiIyIn0=",
          "dependencies": [
            "azurerm_resource_group.main"
          ]
        }
      ]
    },
    {
      "module": "module.aks",
      "mode": "managed",
      "type": "azurerm_key_vault_access_policy",
      "name": "aks",
      "provider": "provider[\"registry.terraform.io/hashicorp/azurerm\"]",
      "instances": [
        {
          "schema_version": 0,
          "attributes": {
            "application_id": null,
            "certificate_permissions": null,
            "id": "/subscriptions/40a5eff4-736c-4bfd-b51c-ce6854fdd71d/resourceGroups/cmtr-31zawnrd-mod8-rg/providers/Microsoft.KeyVault/vaults/cmtr-31zawnrd-mod8-kv/objectId/2b920147-9905-4c8c-a7be-b5c79bde6992",
            "key_permissions": null,
            "key_vault_id": "/subscriptions/40a5eff4-736c-4bfd-b51c-ce6854fdd71d/resourceGroups/cmtr-31zawnrd-mod8-rg/providers/Microsoft.KeyVault/vaults/cmtr-31zawnrd-mod8-kv",
            "object_id": "2b920147-9905-4c8c-a7be-b5c79bde6992",
            "secret_permissions": [
              "Get",
              "List"
            ],
            "storage_permissions": null,
            "tenant_id": "b41b72d0-4e9f-4c26-8a69-f949f367c91d",
            "timeouts": null
          },
          "sensitive_attributes": [],
          "identity_schema_version": 0,
          "private": "eyJlMmJmYjczMC1lY2FhLTExZTYtOGY4OC0zNDM2M2JjN2M0YzAiOnsiY3JlYXRlIjoxODAwMDAwMDAwMDAwLCJkZWxldGUiOjE4MDAwMDAwMDAwMDAsInJlYWQiOjMwMDAwMDAwMDAwMCwidXBkYXRlIjoxODAwMDAwMDAwMDAwfX0=",
          "dependencies": [
            "azurerm_resource_group.main",
            "data.azurerm_client_config.current",
            "module.acr.azurerm_container_registry.acr",
            "module.aks.azurerm_kubernetes_cluster.main",
            "module.keyvault.azurerm_key_vault.main"
          ]
        }
      ]
    },
    {
      "module": "module.aks",
      "mode": "managed",
      "type": "azurerm_kubernetes_cluster",
      "name": "main",
      "provider": "provider[\"registry.terraform.io/hashicorp/azurerm\"]",
      "instances": [
        {
          "schema_version": 2,
          "attributes": {
            "aci_connector_linux": [],
            "api_server_access_profile": [],
            "api_server_authorized_ip_ranges": [],
            "auto_scaler_profile": [],
            "automatic_channel_upgrade": "",
            "azure_active_directory_role_based_access_control": [],
            "azure_policy_enabled": false,
            "confidential_computing": [],
            "cost_analysis_enabled": false,
            "current_kubernetes_version": "1.32.7",
            "custom_ca_trust_certificates_base64": null,
            "default_node_pool": [
              {
                "capacity_reservation_group_id": "",
                "custom_ca_trust_enabled": false,
                "enable_auto_scaling": false,
                "enable_host_encryption": false,
                "enable_node_public_ip": false,
                "fips_enabled": false,
                "gpu_instance": "",
                "host_group_id": "",
                "kubelet_config": [],
                "kubelet_disk_type": "OS",
                "linux_os_config": [],
                "max_count": 0,
                "max_pods": 110,
                "message_of_the_day": "",
                "min_count": 0,
                "name": "system",
                "node_count": 1,
                "node_labels": {},
                "node_network_profile": [],
                "node_public_ip_prefix_id": "",
                "node_taints": null,
                "only_critical_addons_enabled": false,
                "orchestrator_version": "1.32",
                "os_disk_size_gb": 48,
                "os_disk_type": "Ephemeral",
                "os_sku": "Ubuntu",
                "pod_subnet_id": "",
                "proximity_placement_group_id": "",
                "scale_down_mode": "Delete",
                "snapshot_id": "",
                "tags": null,
                "temporary_name_for_rotation": "",
                "type": "VirtualMachineScaleSets",
                "ultra_ssd_enabled": false,
                "upgrade_settings": [
                  {
                    "drain_timeout_in_minutes": 0,
                    "max_surge": "10%",
                    "node_soak_duration_in_minutes": 0
                  }
                ],
                "vm_size": "Standard_D2ads_v5",
                "vnet_subnet_id": "",
                "workload_runtime": "",
                "zones": null
              }
            ],
            "disk_encryption_set_id": "",
            "dns_prefix": "cmtr-31zawnrd-mod8-aks",
            "dns_prefix_private_cluster": "",
            "edge_zone": "",
            "enable_pod_security_policy": false,
            "fqdn": "cmtr-31zawnrd-mod8-aks-cu4wz78a.hcp.westus.azmk8s.io",
            "http_application_routing_enabled": false,
            "http_application_routing_zone_name": "",
            "http_proxy_config": [],
            "id": "/subscriptions/40a5eff4-736c-4bfd-b51c-ce6854fdd71d/resourceGroups/cmtr-31zawnrd-mod8-rg/providers/Microsoft.ContainerService/managedClusters/cmtr-31zawnrd-mod8-aks",
            "identity": [
              {
                "identity_ids": null,
                "principal_id": "1fefc16f-1425-4c2d-a6b3-31059e259a2a",
                "tenant_id": "b41b72d0-4e9f-4c26-8a69-f949f367c91d",
                "type": "SystemAssigned"
              }
            ],
            "image_cleaner_enabled": false,
            "image_cleaner_interval_hours": 48,
            "ingress_application_gateway": [],
            "key_management_service": [],
            "key_vault_secrets_provider": [
              {
                "secret_identity": [
                  {
                    "client_id": "71fb9089-f72b-4c63-a684-c2f97f44f500",
                    "object_id": "2b920147-9905-4c8c-a7be-b5c79bde6992",
                    "user_assigned_identity_id": "/subscriptions/40a5eff4-736c-4bfd-b51c-ce6854fdd71d/resourcegroups/MC_cmtr-31zawnrd-mod8-rg_cmtr-31zawnrd-mod8-aks_westus/providers/Microsoft.ManagedIdentity/userAssignedIdentities/azurekeyvaultsecretsprovider-cmtr-31zawnrd-mod8-aks"
                  }
                ],
                "secret_rotation_enabled": true,
                "secret_rotation_interval": "2m"
              }
            ],
            "kube_admin_config": [],
            "kube_admin_config_raw": "",
            "kube_config": [
              {
                "client_certificate": "LS0tLS1CRUdJTiBDRVJUSUZJQ0FURS0tLS0tCk1JSUZIVENDQXdXZ0F3SUJBZ0lRUmV6Z0J4YnVmWWpSUHAwR0h4ZzNrREFOQmdrcWhraUc5dzBCQVFzRkFEQU4KTVFzd0NRWURWUVFERXdKallUQWVGdzB5TlRFd01EZ3hOakl5TVRCYUZ3MHlOekV3TURneE5qTXlNVEJhTURBeApGekFWQmdOVkJBb1REbk41YzNSbGJUcHRZWE4wWlhKek1SVXdFd1lEVlFRREV3eHRZWE4wWlhKamJHbGxiblF3CmdnSWlNQTBHQ1NxR1NJYjNEUUVCQVFVQUE0SUNEd0F3Z2dJS0FvSUNBUUNxS1Q3Wi92OUxpdFpPRnNDdGdtd2wKN1JSNlIxQkNwQUY0NENmUXRCQ3FUVDdqZWx2em9BTUswc2sxWEpPc0ZHb0trQSt4S2N6ZjRVcUVSRDBiTTgyKwprNzFkR2VHSGprOGhtZ3pubWhjR25aRk8vZjg0SitmL09NemovenNtZ1F2alZFNGJFR2ZQQndBd1p1RDdiQ2YvClBtcHVtQVBFSDhpS0lOZkE2OXk4VkQ0Z0l5VDZUSEQ0WHhpazg4bGRBKy9DT203SEdSWG4wdmJldG5aa0xKMGsKakF5SkxmVlNZY1RvOUQ2Uk96WU1tQzdZR1pIRkpVdWFpaXp1UTc5TEhFbEVLOFl4MDBkU3ErWmNITUJSUDZLdwpUR1VxaUhGNUdNU295bFJMTnp1cHJ4VHcrSjAzbWdmaVJGait4V1BoT3NaSDkxQTBEUnFrTGphcW9CcG5haTdDCnJuRUxvOGU4TE5sU2x4ckhWbThlRW9DQUpWT1l1ZmJmNkduQWtlQVNIczdOVzF2RFlMckJ6cVcrTSswQ3I3aFIKQ2lFeG56LzU2MW44SlVBQ0NvU0J3em94N0NybERlNm1SRHM2VHZZbHROK08vaFE0RG5xQXJzc2hIYUFSQk5hRworRFh2bk8vdkNpTENCeDJ0dEp0NU95eTRpK3ErQm9aTHVzTlFrZWYrbVJDQWZONjdiN0NSWkdyTi93eDVEUm5HCmcrSmFyQTJ3aHNVTVM2ak52ZmRmM2tlK0ptcmlXUkNpRGVUTUY0alJXYUJHYkEyblhzVlFNa1RuWk1kMnlMMTUKbEVScFF0dG10aXByUTVLWG5TRVg4OHdBYlRWeVl6RmNidy81M2RRUXhqTHp3aXpSMzNZVm81N201MnYxdkJ3ZgptQ3A2QklFdFFuanJjcCtWK2JRVlN3SURBUUFCbzFZd1ZEQU9CZ05WSFE4QkFmOEVCQU1DQmFBd0V3WURWUjBsCkJBd3dDZ1lJS3dZQkJRVUhBd0l3REFZRFZSMFRBUUgvQkFJd0FEQWZCZ05WSFNNRUdEQVdnQlJ2YjdpdDNhSWgKL0dMMHJBRmgwZ2RjQ3lsUnJ6QU5CZ2txaGtpRzl3MEJBUXNGQUFPQ0FnRUFxcWNIT1NrcjBwTUcwNzhZMmM2aQoyL1hTWnpnREZGSjV0SUpySGhhZkxKeUVaMDgzTzYwR043WFNTbTFBWmpkaXo4WHQ5VkNQT2p1Q3NKb0lXNnlQCjl0T2VqV3N5Ui91MzZBRDBGRytJUjRPUTdwd0lPRWdkenZ6cXEzZFNUaHVTSnBDaVhnKzlyelY0NXhnN2xrck8KNDZ2VDZZL25oZjNCM3BtOFNJOVZsZXhWa3E4VGU5RkZoT2VJZ1dtVVpqVE0yYklNcjFucmVSZWdCWjhvTU81RQpzcjNWWVpWR0NrRkJkNmhOczNMZUF0MTB1bnJuNVQ0Uml4TnFjVzZJMzRYYTBhcllERTRBbmtWRWFDYUFkcG1WCklBcFlLZFJQM0daeXc2Si9pNXNDL0hTeEEzYlZSYTBJNCtZSW9xYkl5SndRUE1hS00yUnZKOTJXVkdtYUl2NTgKd1RtelNlWXIrc2JINThqcTd0aTlSbUlBaTE5eHlFWDVIR2Q0Q2hoMnp5SmVrSUJyeS9wTVBqMG5lYkYvVGlUWApBNUs0aVZGNXJ5R2NQdzRuRG9oT09qRXcwOFdIVXRjazdvb1FNRlliWjBkUG1TbThKVkQ2Z2tra1VnMDZtT0ZsCjVtTWFrWkRZcTFQNFFPeHIxRURud212Y2dhdytrM2lQcDRWSHZVcFJiZU5CM2VuczAxdWFsdmFGUmxHR1NOOVQKSzF0L0wwK0JIaHN4VzltUlRvemdTZ0g3U0hDRzhqTDE2RGNOdnYxdFBrbG9TMytQai9iVk9ySkNTZ3ZQM1QvNApCWkpMNm1sT05GT3lXOGsrV01Rc0d5ZHoxUWFQK1VoTElWbGV0ZkxzSFZidmtqUkVsQWhpc0d1cklwZ0toNlBPCnQvYUN3cFVCczQ3WnJycWFLRG9sZjZjPQotLS0tLUVORCBDRVJUSUZJQ0FURS0tLS0tCg==",
                "client_key": "LS0tLS1CRUdJTiBSU0EgUFJJVkFURSBLRVktLS0tLQpNSUlKS1FJQkFBS0NBZ0VBcWlrKzJmNy9TNHJXVGhiQXJZSnNKZTBVZWtkUVFxUUJlT0FuMExRUXFrMCs0M3BiCjg2QURDdExKTlZ5VHJCUnFDcEFQc1NuTTMrRktoRVE5R3pQTnZwTzlYUm5oaDQ1UElab001NW9YQnAyUlR2My8KT0Nmbi96ak00Lzg3Sm9FTDQxUk9HeEJuendjQU1HYmcrMnduL3o1cWJwZ0R4Qi9JaWlEWHdPdmN2RlErSUNNawora3h3K0Y4WXBQUEpYUVB2d2pwdXh4a1Y1OUwyM3JaMlpDeWRKSXdNaVMzMVVtSEU2UFEra1RzMkRKZ3UyQm1SCnhTVkxtb29zN2tPL1N4eEpSQ3ZHTWROSFVxdm1YQnpBVVQraXNFeGxLb2h4ZVJqRXFNcFVTemM3cWE4VThQaWQKTjVvSDRrUlkvc1ZqNFRyR1IvZFFOQTBhcEM0MnFxQWFaMm91d3E1eEM2UEh2Q3paVXBjYXgxWnZIaEtBZ0NWVAptTG4yMytocHdKSGdFaDdPelZ0YncyQzZ3YzZsdmpQdEFxKzRVUW9oTVo4LytldFovQ1ZBQWdxRWdjTTZNZXdxCjVRM3Vwa1E3T2s3MkpiVGZqdjRVT0E1NmdLN0xJUjJnRVFUV2h2ZzE3NXp2N3dvaXdnY2RyYlNiZVRzc3VJdnEKdmdhR1M3ckRVSkhuL3BrUWdIemV1Mit3a1dScXpmOE1lUTBaeG9QaVdxd05zSWJGREV1b3piMzNYOTVIdmlacQo0bGtRb2cza3pCZUkwVm1nUm13TnAxN0ZVREpFNTJUSGRzaTllWlJFYVVMYlpyWXFhME9TbDUwaEYvUE1BRzAxCmNtTXhYRzhQK2QzVUVNWXk4OElzMGQ5MkZhT2U1dWRyOWJ3Y0g1Z3FlZ1NCTFVKNDYzS2ZsZm0wRlVzQ0F3RUEKQVFLQ0FnQWFBWkFWdGlkamJzRXBFY2pQTVRIV2dXRG5VcWlJRkNrV0d4VjFZVjBlQWd5Y3JKeUt1VWV0d0VzTgp5T3ZZTHJpSmk3eWM1QzY5S3JhbzkxcnF6T1NOZmhGQXZqaXpSSU1yTjFyd2pLTFI3b1FBOFhNdnJITUVhb25FCm0yMzVYbHRTNzVWanI5Z0Z2VGxXQWNDSEp6VUh0QXphZ1RPQTBTWVBsNkc4aU8rNnFCb1BSRlVkbktXSll0TlIKTytHOXdiWnVLMkJoMzhvZGNsSFdTNXhWaHJkYVEyaVR1MVBxakNtOFBCUDhrMGhEN1lCVW83Zkh6SUdTWHJyVwpOc0Z3NDg1VGM3M29sZDlUMmIrQ1pYSFpHUTR1dnB1WmxWMHVWNlE2eUhnbDZnenl5K0Rrb1VLUFRHUnNadXRwCkUxYnhXeVVSdTZaazIzblpETkpyQ21sdXFSSk40VHdHTjJQZnR1K0NyQjQ4bUtzY28rWFYrSWRKSnMyMzMyUWcKMW9mQ0Z0K09SNXMwYlc4cjcvU0w4R1RSNXE2Y0tNRGJ6NGcyR2JkZDhKd05KZEx5WXYybzZIRG03ZTIzZk13dQpCczB2UkNBd0h3ZVArWjBIUmpRLzFZTU5JQUJYN3JrL3Q4VlFvUmpZRWlSUFJETURsYVdpSU83a0d4aUhURStUCnJ2bjNiZGhtaXlYTHM4b1Nvai9QYzdTSHpib2JxNnBSSkJuTGl6WVZWYm1lbU0yOE9odWtuY2JaUHhLSGtVRVgKRFFiMS9uQ2VadnRCUkdJQXdJb1N4UWo0aitCTXNFcFRkOUFoSVBKZU1SQ3lTZ1JiSy85RWFiQnc2ODBkU21kRwpCdU1NUzJvMTZtZjkwM1Q1ZzBPY1V5VTUxTHlLRzNVQXVvSnVFSG9kWmxlaUZpakRCUUtDQVFFQTE2OGwzVHJzCmNhMFowQUxndmpob29wenpiMjFMbG5yMWtIMzQyb3YwdGlNWll0QXEwclpxYWV6TkdLNHRycEtqVTFrbDVkS3kKUjQwclR3OXVZZ0w4UC8vL1VjVWthbzdST0VTNG03YmV0QTBYSHovdlNFNUUyWDlVUHV3Sm5zVjZJRkNnK1ZNQwp5dThJdHU3VXFibDNZNDBvR0ZmeHFVK1VNeVMyenIxK3VmNStlWGdQQlp6TDA5N3FVMUN4VGZLaEY1ak1sUEFVCm5acXBzQnN4MlRiK3BKS0dXbTlmWWsydEZvS2wwZXZNblFYNC9xTFptYlczbGMvTWhscHRWVFBBTDVLQlhFZS8KazBFSFpvbHNwNlBsN3p0TlBHSUVoR2FLUWVZYXovSEJhcVFCUU1aZEFEVnYvdFhXOS9Da1l4cEpURi9QWWFuRApWcS9kSHJzQXg2TlJkUUtDQVFFQXlmZStFRmdiVlphWk9GaWdmRHdDTDI0MFgrd1R4aTFJckdqVEN3ZmlFQUVDCmZMMU1WTG1DUTgvUXRscTlKVGtVNkFsc1d5Q240Z1lFTUYyQnNxcllNMmJ4Nm5CNEdrdU96Rjkycmp5TnVwcm4KNTlWL2lhRGgxTFFRNFJEckhkNVBNanVGdWVERldtTitOcUNiaXprTWJZL2VVcUxsSDA2alp2TkJZUXZ5VG9DRQpsa3VRVnhuMWVwc1IvL01uSlhxMmdRM1hsaDAybzMxR2FzTkhPVS81NTNubEVMNm15Vkx0L0Y4d2ptbW1Odm1PCkgxVFhyL0ZLK2NCSEpZQ3lsTTVmaHRkSmo2VWJUN2hybmpDYnk0ajI3eVlMdjVlR2ZGRnFPR1VjRGUvL0RJajYKdW1ZQTJZcCswRjloREVTY0tjVC9wNFBERkJJbFRYaG5pWUJiTXlBenZ3S0NBUUJWVWViVGxneVVoMXBQcStQRgp1OERBbXYrOWsybTBWRjJ4MC9OT1dORHNBQVI1ejBreFk1SEM1emJXellncXA3MU9LbFRRamtHU0Jta2NkRWxCCklsY3c1ZzdWQlB4NzNwVXJBaHhaRk1VU1NwOWI4RW15dTZ1R3NsVGNNemszQW4xbUxSOFFvZUxYN2lqdlhKanAKcndGb2N4MXFTOWZBRjBmVDEzRXRaVTZ0T3R4REp0Z2lhejFDU2NzK1BBeDNma1IxZGk5dnQyMGdUMTlTMTk4bgpReGNHZVNRR3dFbm1ORDRGU3BkWDdFUmIxVklEUU41OWJLSDc5R0Mrd1NUQThLRFU4TXFWZTVod0l1aFBpb3RkCjRYc0M0TjJUeGw1dEZiY1pqSElNMG1DbDA4emZGOWtRVFJOSnBzUEwvdmk0YjF5Umh0RWRuQzgycW9qNU1CYUYKNHJoRkFvSUJBUUNSZGdZRXZZQktYMkhSTER2QjNuSndlTDN1REJpZDFnV09ieHo0eDkrd1NSbmlmM0FYWVZpSgp3SVlBb0UrMEhHMkxSU1l1WjlHaVAxVUxCSDJpRWR3UEFXamd3Y291bmhhbDZXZVB5L3NEMkFlSWVNTVhlN0RLCndqbVo3OVoydDZOd2VXQXg1TW9lOUtOMWNxMDBVNDA0NTdKbTcvMTNVK3JwL2U4cmx6QVlEQVh5UFZBaSs0WksKbko4Vkthb2JHMHVRblVpVlRFc0s2dklwZUtXMmlIeGprKzQvNWlBM3hhdXo1VmNTYXRNVXF4NEtRTS9yWHl6eAp2ZU5BQm5ZWUtKNnlmaUh6L0NVMGdJMjU3Q1o1TEJjMVhNQi9hQUdyVGZQajFDYWxmeUhCaEhLWWgxaTdWVDFLCmxEZFFYNlhkaTQzWnQxTnNCRG1ybHpseTFlaFpaU3IvQW9JQkFRREU0dE9kSFFKa2pNWVMxZDRBZWVYQTF2K1QKNTZVWkZYQWNyYTNSa09VUHdlamZwdHZmS2w4ZUJQRS9SWUV3N1J6SzkxS1RFSk1oTTl4dDJrSU9LdnVpcFpyawpNbWRyTFVQci93d1BCZ1d4ME1yUVQvQUxSRnZINTQydStsNGJtV0N5T2Q1SnUxRkY0bVJhKy91Tkw3eTFZOUFVCjBFckNWYlhObXUrVXIySnY5dEh1c1FZNjZPeHF0YkFJdHlkaFdHVHVlelJMZCtobm9DRW1QdmRSZ1doV1o2VXMKRkZzUEx1bUQ4eGM2NUdkSGkxWVJqQWo4VGw4MmY4THAzYlZLVG9EaE5XY1ZaeTY1V1A4SU9RQU1wMFdsNjZycApLQ0ltN3FaQkh1K0lJOWJ0eVNhdDhETTRRZjFCNG1JQitZaEd0SDZVTVBVZzE2S1JsMmx2OWZUcThvMEEKLS0tLS1FTkQgUlNBIFBSSVZBVEUgS0VZLS0tLS0K",
                "cluster_ca_certificate": "LS0tLS1CRUdJTiBDRVJUSUZJQ0FURS0tLS0tCk1JSUU2VENDQXRHZ0F3SUJBZ0lSQUltNGF3ZkpQaUFTNVVxTndxTjA4SFF3RFFZSktvWklodmNOQVFFTEJRQXcKRFRFTE1Ba0dBMVVFQXhNQ1kyRXdJQmNOTWpVeE1EQTRNVFl5TWpFd1doZ1BNakExTlRFd01EZ3hOak15TVRCYQpNQTB4Q3pBSkJnTlZCQU1UQW1OaE1JSUNJakFOQmdrcWhraUc5dzBCQVFFRkFBT0NBZzhBTUlJQ0NnS0NBZ0VBCnVhOFlLQmNPcE90dWMvSncwSHNLbUFJUG1kVjBGcEF0M0xkNHExZHdBeHBXTllzSTlCR2QwMVV5dG9RU3V3WEEKUjdrTW1UYjZvcmRzcmVGL1lacTQrOVhGYndyNFNzMmlnUG1rczg1MWlKdWtKY1JSTzhGUG1JQU1uT0xscUJlQgpnaExjTDd1NXk4ZHVYN1BxS1h2cCtrS1oxMjV1Zm9LSk10VmszMndQcGNiaVVHVk1Rb3JHeEtIbTE1bnhMMlc0CjAxR0ZBeUNqQzNOL1lZbGR6bW1WeEx2bEV6MTJTL3EvQVRpMEVGSWE1RjNzNmxSU2RmVUVOMmJZbjMzVWRUUWYKcFFtMTJacDJJRUk2Y3RXa05LdGI3NjZpKzU4UUVFdXJGaEJoZzR3Qlh1OUQ5elFZZVMxd1lNUmwzWDhiUUNCeAorVWU5K09uaWo5YStnU1I2ZGJxbG1pYmxKVnR2dm54cFh2cis5ZHV1UmhZVEdrYTVLQ3M1b0tsd08yQkh5d2F0CmxzRURjUUZHWVdrS2E1cVVzU3k2eEUzUHo5Vmh0UjNCeWdQSlBVUkQ2Mk5iajlhNFpPY2VQaUV4UXp0cTZRN2UKS2pNMkU4MC8xeDFVWWVDTW16ZThwaXh4aUJwbFN6UHd2bnBSNWNFMlYwNHhpNDJIVlhmajNrWGFEZ2hxVnhwQQp4THVnbWI1Y3VtZXBnSUFqRmdTQjR0MUxUc2EzZ3hSbEk2TkpaWE9HUlFUb244UERVV3FyZUlQSmZCY0pRbFVYCnFUYmV6YkM3L3BMMWhXa2hkTm5BcmpHT0s4NlEzcmZPN05QV25xZGFJWFF3eEc5M25rSWlEMWtkK2xhOFI3YW4KSHc0MnVUUEtMNDFEVFliN2RhN1drOXAwaG10bjFpNEpiNmZSMWxKSFBJa0NBd0VBQWFOQ01FQXdEZ1lEVlIwUApBUUgvQkFRREFnS2tNQThHQTFVZEV3RUIvd1FGTUFNQkFmOHdIUVlEVlIwT0JCWUVGRzl2dUszZG9pSDhZdlNzCkFXSFNCMXdMS1ZHdk1BMEdDU3FHU0liM0RRRUJDd1VBQTRJQ0FRQ0FTWFVvTkxFdTU5b3VWc2lCeDlKNFRsTUwKWjNxdFVVYUQ4MzZvaXV2emxjVnA3cXVFNDcrYlZYekR6QitOVlFPT0l2UlNkaGpwOGVJQkhxUHllQXFCV3ZjSApubEw4QnM0Q2IvdWtvSXp6SU1mbmJ4THpYcjJ4a1JMOXZWVUJhUnRQRkIxL0M3NkJVRWF5d0x3dnNGclNUbDgzCjdITm8rWHRzczV3bWZLcHdOcGd6MWJFY2ZyK1kra3lwNVlXQnJBd21kbDVubkhLYXZPVVhPSXErSkZmWGVBQS8Kb3ZWRlU4T0Q4eUxVWW9SZDE1ZjJ2Nlcyd0tlUjhkbElhRzFNOW1uVUxaNDgyRWZoRWIrTmpDNkpTaFJISzNkKwovbUhZTDcwMHR6MUs3Y21FZUdVUU4valZ2WXV5dFpvNWlTK2g2bWU2T1VKMVpEZk1td3IrRHpqSGlGVkIwUlN0CnZzWVlTakI3YjMwVDdXUzBVUG5xRXpnUFN6YW84cFlMbFFqNTlHaDJXWnRtQStReFhjSEtqb0pRMGszanlCRksKeGhSRzBQS0JtdjNTQXpwVkJ2eEJmOWFBNDdXMmVtNVIzNEs1RjM4TzBUODN2V3UzalkzWVJUalFDMWYzUzY3egpyc0pOcUcrMUVZMkxhWXdsYk5qMkhwbEYrVFNhZTFMaHRCRDM2dnBRaUFMS0pSZDd5OWhtSG1CZmtaeThrR3JVCit4dWk0OXJjSHk0N3ZCdDVSeXZmYWczYmU4ZDJrajJTTWM5cUF5YzNod1RkKy9Pbldqc3dyQ3U0M0lCTnV6L1IKR1BGVVZHYWFMM1NpZWpzVnBrWmFwMTlqeW8yRHpmeUJ2YUlkRjF3bUhRclViNkhOMDNnd2l6Tk9STkhCWFZrRAo2ZWpVL0NUdGxVcFVXVDZvcmc9PQotLS0tLUVORCBDRVJUSUZJQ0FURS0tLS0tCg==",
                "host": "https://cmtr-31zawnrd-mod8-aks-cu4wz78a.hcp.westus.azmk8s.io:443",
                "password": "iykw3lhx8pjyyx7hg1c1vc2qvc40qcz0nj6kjzki3lv8wjpkn2m949gcljtd5a7thc2l1fnjgw25v8h0cipxqm2dww8uvspie4sp8smcoj85z1xj4kazw5gx9psk365n",
                "username": "clusterUser_cmtr-31zawnrd-mod8-rg_cmtr-31zawnrd-mod8-aks"
              }
            ],
            "kube_config_raw": "apiVersion: v1\nclusters:\n- cluster:\n    certificate-authority-data: LS0tLS1CRUdJTiBDRVJUSUZJQ0FURS0tLS0tCk1JSUU2VENDQXRHZ0F3SUJBZ0lSQUltNGF3ZkpQaUFTNVVxTndxTjA4SFF3RFFZSktvWklodmNOQVFFTEJRQXcKRFRFTE1Ba0dBMVVFQXhNQ1kyRXdJQmNOTWpVeE1EQTRNVFl5TWpFd1doZ1BNakExTlRFd01EZ3hOak15TVRCYQpNQTB4Q3pBSkJnTlZCQU1UQW1OaE1JSUNJakFOQmdrcWhraUc5dzBCQVFFRkFBT0NBZzhBTUlJQ0NnS0NBZ0VBCnVhOFlLQmNPcE90dWMvSncwSHNLbUFJUG1kVjBGcEF0M0xkNHExZHdBeHBXTllzSTlCR2QwMVV5dG9RU3V3WEEKUjdrTW1UYjZvcmRzcmVGL1lacTQrOVhGYndyNFNzMmlnUG1rczg1MWlKdWtKY1JSTzhGUG1JQU1uT0xscUJlQgpnaExjTDd1NXk4ZHVYN1BxS1h2cCtrS1oxMjV1Zm9LSk10VmszMndQcGNiaVVHVk1Rb3JHeEtIbTE1bnhMMlc0CjAxR0ZBeUNqQzNOL1lZbGR6bW1WeEx2bEV6MTJTL3EvQVRpMEVGSWE1RjNzNmxSU2RmVUVOMmJZbjMzVWRUUWYKcFFtMTJacDJJRUk2Y3RXa05LdGI3NjZpKzU4UUVFdXJGaEJoZzR3Qlh1OUQ5elFZZVMxd1lNUmwzWDhiUUNCeAorVWU5K09uaWo5YStnU1I2ZGJxbG1pYmxKVnR2dm54cFh2cis5ZHV1UmhZVEdrYTVLQ3M1b0tsd08yQkh5d2F0CmxzRURjUUZHWVdrS2E1cVVzU3k2eEUzUHo5Vmh0UjNCeWdQSlBVUkQ2Mk5iajlhNFpPY2VQaUV4UXp0cTZRN2UKS2pNMkU4MC8xeDFVWWVDTW16ZThwaXh4aUJwbFN6UHd2bnBSNWNFMlYwNHhpNDJIVlhmajNrWGFEZ2hxVnhwQQp4THVnbWI1Y3VtZXBnSUFqRmdTQjR0MUxUc2EzZ3hSbEk2TkpaWE9HUlFUb244UERVV3FyZUlQSmZCY0pRbFVYCnFUYmV6YkM3L3BMMWhXa2hkTm5BcmpHT0s4NlEzcmZPN05QV25xZGFJWFF3eEc5M25rSWlEMWtkK2xhOFI3YW4KSHc0MnVUUEtMNDFEVFliN2RhN1drOXAwaG10bjFpNEpiNmZSMWxKSFBJa0NBd0VBQWFOQ01FQXdEZ1lEVlIwUApBUUgvQkFRREFnS2tNQThHQTFVZEV3RUIvd1FGTUFNQkFmOHdIUVlEVlIwT0JCWUVGRzl2dUszZG9pSDhZdlNzCkFXSFNCMXdMS1ZHdk1BMEdDU3FHU0liM0RRRUJDd1VBQTRJQ0FRQ0FTWFVvTkxFdTU5b3VWc2lCeDlKNFRsTUwKWjNxdFVVYUQ4MzZvaXV2emxjVnA3cXVFNDcrYlZYekR6QitOVlFPT0l2UlNkaGpwOGVJQkhxUHllQXFCV3ZjSApubEw4QnM0Q2IvdWtvSXp6SU1mbmJ4THpYcjJ4a1JMOXZWVUJhUnRQRkIxL0M3NkJVRWF5d0x3dnNGclNUbDgzCjdITm8rWHRzczV3bWZLcHdOcGd6MWJFY2ZyK1kra3lwNVlXQnJBd21kbDVubkhLYXZPVVhPSXErSkZmWGVBQS8Kb3ZWRlU4T0Q4eUxVWW9SZDE1ZjJ2Nlcyd0tlUjhkbElhRzFNOW1uVUxaNDgyRWZoRWIrTmpDNkpTaFJISzNkKwovbUhZTDcwMHR6MUs3Y21FZUdVUU4valZ2WXV5dFpvNWlTK2g2bWU2T1VKMVpEZk1td3IrRHpqSGlGVkIwUlN0CnZzWVlTakI3YjMwVDdXUzBVUG5xRXpnUFN6YW84cFlMbFFqNTlHaDJXWnRtQStReFhjSEtqb0pRMGszanlCRksKeGhSRzBQS0JtdjNTQXpwVkJ2eEJmOWFBNDdXMmVtNVIzNEs1RjM4TzBUODN2V3UzalkzWVJUalFDMWYzUzY3egpyc0pOcUcrMUVZMkxhWXdsYk5qMkhwbEYrVFNhZTFMaHRCRDM2dnBRaUFMS0pSZDd5OWhtSG1CZmtaeThrR3JVCit4dWk0OXJjSHk0N3ZCdDVSeXZmYWczYmU4ZDJrajJTTWM5cUF5YzNod1RkKy9Pbldqc3dyQ3U0M0lCTnV6L1IKR1BGVVZHYWFMM1NpZWpzVnBrWmFwMTlqeW8yRHpmeUJ2YUlkRjF3bUhRclViNkhOMDNnd2l6Tk9STkhCWFZrRAo2ZWpVL0NUdGxVcFVXVDZvcmc9PQotLS0tLUVORCBDRVJUSUZJQ0FURS0tLS0tCg==\n    server: https://cmtr-31zawnrd-mod8-aks-cu4wz78a.hcp.westus.azmk8s.io:443\n  name: cmtr-31zawnrd-mod8-aks\ncontexts:\n- context:\n    cluster: cmtr-31zawnrd-mod8-aks\n    user: clusterUser_cmtr-31zawnrd-mod8-rg_cmtr-31zawnrd-mod8-aks\n  name: cmtr-31zawnrd-mod8-aks\ncurrent-context: cmtr-31zawnrd-mod8-aks\nkind: Config\npreferences: {}\nusers:\n- name: clusterUser_cmtr-31zawnrd-mod8-rg_cmtr-31zawnrd-mod8-aks\n  user:\n    client-certificate-data: LS0tLS1CRUdJTiBDRVJUSUZJQ0FURS0tLS0tCk1JSUZIVENDQXdXZ0F3SUJBZ0lRUmV6Z0J4YnVmWWpSUHAwR0h4ZzNrREFOQmdrcWhraUc5dzBCQVFzRkFEQU4KTVFzd0NRWURWUVFERXdKallUQWVGdzB5TlRFd01EZ3hOakl5TVRCYUZ3MHlOekV3TURneE5qTXlNVEJhTURBeApGekFWQmdOVkJBb1REbk41YzNSbGJUcHRZWE4wWlhKek1SVXdFd1lEVlFRREV3eHRZWE4wWlhKamJHbGxiblF3CmdnSWlNQTBHQ1NxR1NJYjNEUUVCQVFVQUE0SUNEd0F3Z2dJS0FvSUNBUUNxS1Q3Wi92OUxpdFpPRnNDdGdtd2wKN1JSNlIxQkNwQUY0NENmUXRCQ3FUVDdqZWx2em9BTUswc2sxWEpPc0ZHb0trQSt4S2N6ZjRVcUVSRDBiTTgyKwprNzFkR2VHSGprOGhtZ3pubWhjR25aRk8vZjg0SitmL09NemovenNtZ1F2alZFNGJFR2ZQQndBd1p1RDdiQ2YvClBtcHVtQVBFSDhpS0lOZkE2OXk4VkQ0Z0l5VDZUSEQ0WHhpazg4bGRBKy9DT203SEdSWG4wdmJldG5aa0xKMGsKakF5SkxmVlNZY1RvOUQ2Uk96WU1tQzdZR1pIRkpVdWFpaXp1UTc5TEhFbEVLOFl4MDBkU3ErWmNITUJSUDZLdwpUR1VxaUhGNUdNU295bFJMTnp1cHJ4VHcrSjAzbWdmaVJGait4V1BoT3NaSDkxQTBEUnFrTGphcW9CcG5haTdDCnJuRUxvOGU4TE5sU2x4ckhWbThlRW9DQUpWT1l1ZmJmNkduQWtlQVNIczdOVzF2RFlMckJ6cVcrTSswQ3I3aFIKQ2lFeG56LzU2MW44SlVBQ0NvU0J3em94N0NybERlNm1SRHM2VHZZbHROK08vaFE0RG5xQXJzc2hIYUFSQk5hRworRFh2bk8vdkNpTENCeDJ0dEp0NU95eTRpK3ErQm9aTHVzTlFrZWYrbVJDQWZONjdiN0NSWkdyTi93eDVEUm5HCmcrSmFyQTJ3aHNVTVM2ak52ZmRmM2tlK0ptcmlXUkNpRGVUTUY0alJXYUJHYkEyblhzVlFNa1RuWk1kMnlMMTUKbEVScFF0dG10aXByUTVLWG5TRVg4OHdBYlRWeVl6RmNidy81M2RRUXhqTHp3aXpSMzNZVm81N201MnYxdkJ3ZgptQ3A2QklFdFFuanJjcCtWK2JRVlN3SURBUUFCbzFZd1ZEQU9CZ05WSFE4QkFmOEVCQU1DQmFBd0V3WURWUjBsCkJBd3dDZ1lJS3dZQkJRVUhBd0l3REFZRFZSMFRBUUgvQkFJd0FEQWZCZ05WSFNNRUdEQVdnQlJ2YjdpdDNhSWgKL0dMMHJBRmgwZ2RjQ3lsUnJ6QU5CZ2txaGtpRzl3MEJBUXNGQUFPQ0FnRUFxcWNIT1NrcjBwTUcwNzhZMmM2aQoyL1hTWnpnREZGSjV0SUpySGhhZkxKeUVaMDgzTzYwR043WFNTbTFBWmpkaXo4WHQ5VkNQT2p1Q3NKb0lXNnlQCjl0T2VqV3N5Ui91MzZBRDBGRytJUjRPUTdwd0lPRWdkenZ6cXEzZFNUaHVTSnBDaVhnKzlyelY0NXhnN2xrck8KNDZ2VDZZL25oZjNCM3BtOFNJOVZsZXhWa3E4VGU5RkZoT2VJZ1dtVVpqVE0yYklNcjFucmVSZWdCWjhvTU81RQpzcjNWWVpWR0NrRkJkNmhOczNMZUF0MTB1bnJuNVQ0Uml4TnFjVzZJMzRYYTBhcllERTRBbmtWRWFDYUFkcG1WCklBcFlLZFJQM0daeXc2Si9pNXNDL0hTeEEzYlZSYTBJNCtZSW9xYkl5SndRUE1hS00yUnZKOTJXVkdtYUl2NTgKd1RtelNlWXIrc2JINThqcTd0aTlSbUlBaTE5eHlFWDVIR2Q0Q2hoMnp5SmVrSUJyeS9wTVBqMG5lYkYvVGlUWApBNUs0aVZGNXJ5R2NQdzRuRG9oT09qRXcwOFdIVXRjazdvb1FNRlliWjBkUG1TbThKVkQ2Z2tra1VnMDZtT0ZsCjVtTWFrWkRZcTFQNFFPeHIxRURud212Y2dhdytrM2lQcDRWSHZVcFJiZU5CM2VuczAxdWFsdmFGUmxHR1NOOVQKSzF0L0wwK0JIaHN4VzltUlRvemdTZ0g3U0hDRzhqTDE2RGNOdnYxdFBrbG9TMytQai9iVk9ySkNTZ3ZQM1QvNApCWkpMNm1sT05GT3lXOGsrV01Rc0d5ZHoxUWFQK1VoTElWbGV0ZkxzSFZidmtqUkVsQWhpc0d1cklwZ0toNlBPCnQvYUN3cFVCczQ3WnJycWFLRG9sZjZjPQotLS0tLUVORCBDRVJUSUZJQ0FURS0tLS0tCg==\n    client-key-data: LS0tLS1CRUdJTiBSU0EgUFJJVkFURSBLRVktLS0tLQpNSUlKS1FJQkFBS0NBZ0VBcWlrKzJmNy9TNHJXVGhiQXJZSnNKZTBVZWtkUVFxUUJlT0FuMExRUXFrMCs0M3BiCjg2QURDdExKTlZ5VHJCUnFDcEFQc1NuTTMrRktoRVE5R3pQTnZwTzlYUm5oaDQ1UElab001NW9YQnAyUlR2My8KT0Nmbi96ak00Lzg3Sm9FTDQxUk9HeEJuendjQU1HYmcrMnduL3o1cWJwZ0R4Qi9JaWlEWHdPdmN2RlErSUNNawora3h3K0Y4WXBQUEpYUVB2d2pwdXh4a1Y1OUwyM3JaMlpDeWRKSXdNaVMzMVVtSEU2UFEra1RzMkRKZ3UyQm1SCnhTVkxtb29zN2tPL1N4eEpSQ3ZHTWROSFVxdm1YQnpBVVQraXNFeGxLb2h4ZVJqRXFNcFVTemM3cWE4VThQaWQKTjVvSDRrUlkvc1ZqNFRyR1IvZFFOQTBhcEM0MnFxQWFaMm91d3E1eEM2UEh2Q3paVXBjYXgxWnZIaEtBZ0NWVAptTG4yMytocHdKSGdFaDdPelZ0YncyQzZ3YzZsdmpQdEFxKzRVUW9oTVo4LytldFovQ1ZBQWdxRWdjTTZNZXdxCjVRM3Vwa1E3T2s3MkpiVGZqdjRVT0E1NmdLN0xJUjJnRVFUV2h2ZzE3NXp2N3dvaXdnY2RyYlNiZVRzc3VJdnEKdmdhR1M3ckRVSkhuL3BrUWdIemV1Mit3a1dScXpmOE1lUTBaeG9QaVdxd05zSWJGREV1b3piMzNYOTVIdmlacQo0bGtRb2cza3pCZUkwVm1nUm13TnAxN0ZVREpFNTJUSGRzaTllWlJFYVVMYlpyWXFhME9TbDUwaEYvUE1BRzAxCmNtTXhYRzhQK2QzVUVNWXk4OElzMGQ5MkZhT2U1dWRyOWJ3Y0g1Z3FlZ1NCTFVKNDYzS2ZsZm0wRlVzQ0F3RUEKQVFLQ0FnQWFBWkFWdGlkamJzRXBFY2pQTVRIV2dXRG5VcWlJRkNrV0d4VjFZVjBlQWd5Y3JKeUt1VWV0d0VzTgp5T3ZZTHJpSmk3eWM1QzY5S3JhbzkxcnF6T1NOZmhGQXZqaXpSSU1yTjFyd2pLTFI3b1FBOFhNdnJITUVhb25FCm0yMzVYbHRTNzVWanI5Z0Z2VGxXQWNDSEp6VUh0QXphZ1RPQTBTWVBsNkc4aU8rNnFCb1BSRlVkbktXSll0TlIKTytHOXdiWnVLMkJoMzhvZGNsSFdTNXhWaHJkYVEyaVR1MVBxakNtOFBCUDhrMGhEN1lCVW83Zkh6SUdTWHJyVwpOc0Z3NDg1VGM3M29sZDlUMmIrQ1pYSFpHUTR1dnB1WmxWMHVWNlE2eUhnbDZnenl5K0Rrb1VLUFRHUnNadXRwCkUxYnhXeVVSdTZaazIzblpETkpyQ21sdXFSSk40VHdHTjJQZnR1K0NyQjQ4bUtzY28rWFYrSWRKSnMyMzMyUWcKMW9mQ0Z0K09SNXMwYlc4cjcvU0w4R1RSNXE2Y0tNRGJ6NGcyR2JkZDhKd05KZEx5WXYybzZIRG03ZTIzZk13dQpCczB2UkNBd0h3ZVArWjBIUmpRLzFZTU5JQUJYN3JrL3Q4VlFvUmpZRWlSUFJETURsYVdpSU83a0d4aUhURStUCnJ2bjNiZGhtaXlYTHM4b1Nvai9QYzdTSHpib2JxNnBSSkJuTGl6WVZWYm1lbU0yOE9odWtuY2JaUHhLSGtVRVgKRFFiMS9uQ2VadnRCUkdJQXdJb1N4UWo0aitCTXNFcFRkOUFoSVBKZU1SQ3lTZ1JiSy85RWFiQnc2ODBkU21kRwpCdU1NUzJvMTZtZjkwM1Q1ZzBPY1V5VTUxTHlLRzNVQXVvSnVFSG9kWmxlaUZpakRCUUtDQVFFQTE2OGwzVHJzCmNhMFowQUxndmpob29wenpiMjFMbG5yMWtIMzQyb3YwdGlNWll0QXEwclpxYWV6TkdLNHRycEtqVTFrbDVkS3kKUjQwclR3OXVZZ0w4UC8vL1VjVWthbzdST0VTNG03YmV0QTBYSHovdlNFNUUyWDlVUHV3Sm5zVjZJRkNnK1ZNQwp5dThJdHU3VXFibDNZNDBvR0ZmeHFVK1VNeVMyenIxK3VmNStlWGdQQlp6TDA5N3FVMUN4VGZLaEY1ak1sUEFVCm5acXBzQnN4MlRiK3BKS0dXbTlmWWsydEZvS2wwZXZNblFYNC9xTFptYlczbGMvTWhscHRWVFBBTDVLQlhFZS8KazBFSFpvbHNwNlBsN3p0TlBHSUVoR2FLUWVZYXovSEJhcVFCUU1aZEFEVnYvdFhXOS9Da1l4cEpURi9QWWFuRApWcS9kSHJzQXg2TlJkUUtDQVFFQXlmZStFRmdiVlphWk9GaWdmRHdDTDI0MFgrd1R4aTFJckdqVEN3ZmlFQUVDCmZMMU1WTG1DUTgvUXRscTlKVGtVNkFsc1d5Q240Z1lFTUYyQnNxcllNMmJ4Nm5CNEdrdU96Rjkycmp5TnVwcm4KNTlWL2lhRGgxTFFRNFJEckhkNVBNanVGdWVERldtTitOcUNiaXprTWJZL2VVcUxsSDA2alp2TkJZUXZ5VG9DRQpsa3VRVnhuMWVwc1IvL01uSlhxMmdRM1hsaDAybzMxR2FzTkhPVS81NTNubEVMNm15Vkx0L0Y4d2ptbW1Odm1PCkgxVFhyL0ZLK2NCSEpZQ3lsTTVmaHRkSmo2VWJUN2hybmpDYnk0ajI3eVlMdjVlR2ZGRnFPR1VjRGUvL0RJajYKdW1ZQTJZcCswRjloREVTY0tjVC9wNFBERkJJbFRYaG5pWUJiTXlBenZ3S0NBUUJWVWViVGxneVVoMXBQcStQRgp1OERBbXYrOWsybTBWRjJ4MC9OT1dORHNBQVI1ejBreFk1SEM1emJXellncXA3MU9LbFRRamtHU0Jta2NkRWxCCklsY3c1ZzdWQlB4NzNwVXJBaHhaRk1VU1NwOWI4RW15dTZ1R3NsVGNNemszQW4xbUxSOFFvZUxYN2lqdlhKanAKcndGb2N4MXFTOWZBRjBmVDEzRXRaVTZ0T3R4REp0Z2lhejFDU2NzK1BBeDNma1IxZGk5dnQyMGdUMTlTMTk4bgpReGNHZVNRR3dFbm1ORDRGU3BkWDdFUmIxVklEUU41OWJLSDc5R0Mrd1NUQThLRFU4TXFWZTVod0l1aFBpb3RkCjRYc0M0TjJUeGw1dEZiY1pqSElNMG1DbDA4emZGOWtRVFJOSnBzUEwvdmk0YjF5Umh0RWRuQzgycW9qNU1CYUYKNHJoRkFvSUJBUUNSZGdZRXZZQktYMkhSTER2QjNuSndlTDN1REJpZDFnV09ieHo0eDkrd1NSbmlmM0FYWVZpSgp3SVlBb0UrMEhHMkxSU1l1WjlHaVAxVUxCSDJpRWR3UEFXamd3Y291bmhhbDZXZVB5L3NEMkFlSWVNTVhlN0RLCndqbVo3OVoydDZOd2VXQXg1TW9lOUtOMWNxMDBVNDA0NTdKbTcvMTNVK3JwL2U4cmx6QVlEQVh5UFZBaSs0WksKbko4Vkthb2JHMHVRblVpVlRFc0s2dklwZUtXMmlIeGprKzQvNWlBM3hhdXo1VmNTYXRNVXF4NEtRTS9yWHl6eAp2ZU5BQm5ZWUtKNnlmaUh6L0NVMGdJMjU3Q1o1TEJjMVhNQi9hQUdyVGZQajFDYWxmeUhCaEhLWWgxaTdWVDFLCmxEZFFYNlhkaTQzWnQxTnNCRG1ybHpseTFlaFpaU3IvQW9JQkFRREU0dE9kSFFKa2pNWVMxZDRBZWVYQTF2K1QKNTZVWkZYQWNyYTNSa09VUHdlamZwdHZmS2w4ZUJQRS9SWUV3N1J6SzkxS1RFSk1oTTl4dDJrSU9LdnVpcFpyawpNbWRyTFVQci93d1BCZ1d4ME1yUVQvQUxSRnZINTQydStsNGJtV0N5T2Q1SnUxRkY0bVJhKy91Tkw3eTFZOUFVCjBFckNWYlhObXUrVXIySnY5dEh1c1FZNjZPeHF0YkFJdHlkaFdHVHVlelJMZCtobm9DRW1QdmRSZ1doV1o2VXMKRkZzUEx1bUQ4eGM2NUdkSGkxWVJqQWo4VGw4MmY4THAzYlZLVG9EaE5XY1ZaeTY1V1A4SU9RQU1wMFdsNjZycApLQ0ltN3FaQkh1K0lJOWJ0eVNhdDhETTRRZjFCNG1JQitZaEd0SDZVTVBVZzE2S1JsMmx2OWZUcThvMEEKLS0tLS1FTkQgUlNBIFBSSVZBVEUgS0VZLS0tLS0K\n    token: iykw3lhx8pjyyx7hg1c1vc2qvc40qcz0nj6kjzki3lv8wjpkn2m949gcljtd5a7thc2l1fnjgw25v8h0cipxqm2dww8uvspie4sp8smcoj85z1xj4kazw5gx9psk365n\n",
            "kubelet_identity": [
              {
                "client_id": "67553083-501e-45fc-beb3-fa0ef09afb27",
                "object_id": "f91bbfc6-8d9b-42c3-a894-7a4fa507d912",
                "user_assigned_identity_id": "/subscriptions/40a5eff4-736c-4bfd-b51c-ce6854fdd71d/resourceGroups/MC_cmtr-31zawnrd-mod8-rg_cmtr-31zawnrd-mod8-aks_westus/providers/Microsoft.ManagedIdentity/userAssignedIdentities/cmtr-31zawnrd-mod8-aks-agentpool"
              }
            ],
            "kubernetes_version": "1.32",
            "linux_profile": [],
            "local_account_disabled": false,
            "location": "westus",
            "maintenance_window": [],
            "maintenance_window_auto_upgrade": [],
            "maintenance_window_node_os": [],
            "microsoft_defender": [],
            "monitor_metrics": [],
            "name": "cmtr-31zawnrd-mod8-aks",
            "network_profile": [
              {
                "dns_service_ip": "10.0.0.10",
                "docker_bridge_cidr": "",
                "ebpf_data_plane": "",
                "ip_versions": [
                  "IPv4"
                ],
                "load_balancer_profile": [
                  {
                    "effective_outbound_ips": [
                      "/subscriptions/40a5eff4-736c-4bfd-b51c-ce6854fdd71d/resourceGroups/MC_cmtr-31zawnrd-mod8-rg_cmtr-31zawnrd-mod8-aks_westus/providers/Microsoft.Network/publicIPAddresses/19f4e04b-f69a-4c2f-9995-4b2f78e74a56"
                    ],
                    "idle_timeout_in_minutes": 0,
                    "managed_outbound_ip_count": 1,
                    "managed_outbound_ipv6_count": 0,
                    "outbound_ip_address_ids": [],
                    "outbound_ip_prefix_ids": [],
                    "outbound_ports_allocated": 0
                  }
                ],
                "load_balancer_sku": "standard",
                "nat_gateway_profile": [],
                "network_data_plane": "azure",
                "network_mode": "",
                "network_plugin": "kubenet",
                "network_plugin_mode": "",
                "network_policy": "",
                "outbound_ip_address_ids": [],
                "outbound_ip_prefix_ids": [],
                "outbound_type": "loadBalancer",
                "pod_cidr": "10.244.0.0/16",
                "pod_cidrs": [
                  "10.244.0.0/16"
                ],
                "service_cidr": "10.0.0.0/16",
                "service_cidrs": [
                  "10.0.0.0/16"
                ]
              }
            ],
            "node_os_channel_upgrade": null,
            "node_resource_group": "MC_cmtr-31zawnrd-mod8-rg_cmtr-31zawnrd-mod8-aks_westus",
            "node_resource_group_id": "/subscriptions/40a5eff4-736c-4bfd-b51c-ce6854fdd71d/resourceGroups/MC_cmtr-31zawnrd-mod8-rg_cmtr-31zawnrd-mod8-aks_westus",
            "oidc_issuer_enabled": false,
            "oidc_issuer_url": "",
            "oms_agent": [],
            "open_service_mesh_enabled": false,
            "portal_fqdn": "cmtr-31zawnrd-mod8-aks-cu4wz78a.portal.hcp.westus.azmk8s.io",
            "private_cluster_enabled": false,
            "private_cluster_public_fqdn_enabled": false,
            "private_dns_zone_id": "",
            "private_fqdn": "",
            "public_network_access_enabled": true,
            "resource_group_name": "cmtr-31zawnrd-mod8-rg",
            "role_based_access_control_enabled": true,
            "run_command_enabled": true,
            "service_mesh_profile": [],
            "service_principal": [],
            "sku_tier": "Free",
            "storage_profile": [],
            "support_plan": "KubernetesOfficial",
            "tags": {
              "Creator": "behroz_ilhomov@epam.com"
            },
            "timeouts": null,
            "web_app_routing": [],
            "windows_profile": [],
            "workload_autoscaler_profile": [],
            "workload_identity_enabled": false
          },
          "sensitive_attributes": [
            [
              {
                "type": "get_attr",
                "value": "kube_admin_config"
              }
            ],
            [
              {
                "type": "get_attr",
                "value": "kube_admin_config_raw"
              }
            ],
            [
              {
                "type": "get_attr",
                "value": "kube_config"
              }
            ],
            [
              {
                "type": "get_attr",
                "value": "kube_config_raw"
              }
            ]
          ],
          "identity_schema_version": 0,
          "private": "eyJlMmJmYjczMC1lY2FhLTExZTYtOGY4OC0zNDM2M2JjN2M0YzAiOnsiY3JlYXRlIjo1NDAwMDAwMDAwMDAwLCJkZWxldGUiOjU0MDAwMDAwMDAwMDAsInJlYWQiOjMwMDAwMDAwMDAwMCwidXBkYXRlIjo1NDAwMDAwMDAwMDAwfSwic2NoZW1hX3ZlcnNpb24iOiIyIn0=",
          "dependencies": [
            "azurerm_resource_group.main",
            "data.azurerm_client_config.current",
            "module.acr.azurerm_container_registry.acr",
            "module.keyvault.azurerm_key_vault.main"
          ]
        }
      ]
    },
    {
      "module": "module.aks",
      "mode": "managed",
      "type": "azurerm_role_assignment",
      "name": "aks_acr_pull",
      "provider": "provider[\"registry.terraform.io/hashicorp/azurerm\"]",
      "instances": [
        {
          "schema_version": 0,
          "attributes": {
            "condition": "",
            "condition_version": "",
            "delegated_managed_identity_resource_id": "",
            "description": "",
            "id": "/subscriptions/40a5eff4-736c-4bfd-b51c-ce6854fdd71d/resourceGroups/cmtr-31zawnrd-mod8-rg/providers/Microsoft.ContainerRegistry/registries/cmtr31zawnrdmod8cr/providers/Microsoft.Authorization/roleAssignments/40b98892-4a78-aa12-a385-fc3e068d21dd",
            "name": "40b98892-4a78-aa12-a385-fc3e068d21dd",
            "principal_id": "f91bbfc6-8d9b-42c3-a894-7a4fa507d912",
            "principal_type": "ServicePrincipal",
            "role_definition_id": "/subscriptions/40a5eff4-736c-4bfd-b51c-ce6854fdd71d/providers/Microsoft.Authorization/roleDefinitions/7f951dda-4ed3-4680-a7ca-43fe172d538d",
            "role_definition_name": "AcrPull",
            "scope": "/subscriptions/40a5eff4-736c-4bfd-b51c-ce6854fdd71d/resourceGroups/cmtr-31zawnrd-mod8-rg/providers/Microsoft.ContainerRegistry/registries/cmtr31zawnrdmod8cr",
            "skip_service_principal_aad_check": true,
            "timeouts": null
          },
          "sensitive_attributes": [],
          "identity_schema_version": 0,
          "private": "eyJlMmJmYjczMC1lY2FhLTExZTYtOGY4OC0zNDM2M2JjN2M0YzAiOnsiY3JlYXRlIjoxODAwMDAwMDAwMDAwLCJkZWxldGUiOjE4MDAwMDAwMDAwMDAsInJlYWQiOjMwMDAwMDAwMDAwMH19",
          "dependencies": [
            "azurerm_resource_group.main",
            "data.azurerm_client_config.current",
            "module.acr.azurerm_container_registry.acr",
            "module.aks.azurerm_kubernetes_cluster.main",
            "module.keyvault.azurerm_key_vault.main"
          ]
        }
      ]
    },
    {
      "module": "module.keyvault",
      "mode": "managed",
      "type": "azurerm_key_vault",
      "name": "main",
      "provider": "provider[\"registry.terraform.io/hashicorp/azurerm\"]",
      "instances": [
        {
          "schema_version": 2,
          "attributes": {
            "access_policy": [
              {
                "application_id": "",
                "certificate_permissions": null,
                "key_permissions": [
                  "Create",
                  "Get"
                ],
                "object_id": "f7590790-59c4-41f7-a4f1-7915475d663d",
                "secret_permissions": [
                  "Set",
                  "Get",
                  "Delete",
                  "Purge",
                  "Recover"
                ],
                "storage_permissions": null,
                "tenant_id": "b41b72d0-4e9f-4c26-8a69-f949f367c91d"
              }
            ],
            "contact": [],
            "enable_rbac_authorization": false,
            "enabled_for_deployment": false,
            "enabled_for_disk_encryption": true,
            "enabled_for_template_deployment": false,
            "id": "/subscriptions/40a5eff4-736c-4bfd-b51c-ce6854fdd71d/resourceGroups/cmtr-31zawnrd-mod8-rg/providers/Microsoft.KeyVault/vaults/cmtr-31zawnrd-mod8-kv",
            "location": "westus",
            "name": "cmtr-31zawnrd-mod8-kv",
            "network_acls": [
              {
                "bypass": "AzureServices",
                "default_action": "Allow",
                "ip_rules": [],
                "virtual_network_subnet_ids": []
              }
            ],
            "public_network_access_enabled": true,
            "purge_protection_enabled": false,
            "resource_group_name": "cmtr-31zawnrd-mod8-rg",
            "sku_name": "standard",
            "soft_delete_retention_days": 7,
            "tags": null,
            "tenant_id": "b41b72d0-4e9f-4c26-8a69-f949f367c91d",
            "timeouts": null,
            "vault_uri": "https://cmtr-31zawnrd-mod8-kv.vault.azure.net/"
          },
          "sensitive_attributes": [],
          "identity_schema_version": 0,
          "private": "eyJlMmJmYjczMC1lY2FhLTExZTYtOGY4OC0zNDM2M2JjN2M0YzAiOnsiY3JlYXRlIjoxODAwMDAwMDAwMDAwLCJkZWxldGUiOjE4MDAwMDAwMDAwMDAsInJlYWQiOjMwMDAwMDAwMDAwMCwidXBkYXRlIjoxODAwMDAwMDAwMDAwfSwic2NoZW1hX3ZlcnNpb24iOiIyIn0=",
          "dependencies": [
            "azurerm_resource_group.main",
            "data.azurerm_client_config.current"
          ]
        }
      ]
    },
    {
      "module": "module.redis",
      "mode": "managed",
      "type": "azurerm_key_vault_secret",
      "name": "redis_hostname",
      "provider": "provider[\"registry.terraform.io/hashicorp/azurerm\"]",
      "instances": [
        {
          "schema_version": 0,
          "attributes": {
            "content_type": "",
            "expiration_date": null,
            "id": "https://cmtr-31zawnrd-mod8-kv.vault.azure.net/secrets/redis-hostname/6b06c5900d404b058d701c1f0f9ba662",
            "key_vault_id": "/subscriptions/40a5eff4-736c-4bfd-b51c-ce6854fdd71d/resourceGroups/cmtr-31zawnrd-mod8-rg/providers/Microsoft.KeyVault/vaults/cmtr-31zawnrd-mod8-kv",
            "name": "redis-hostname",
            "not_before_date": null,
            "resource_id": "/subscriptions/40a5eff4-736c-4bfd-b51c-ce6854fdd71d/resourceGroups/cmtr-31zawnrd-mod8-rg/providers/Microsoft.KeyVault/vaults/cmtr-31zawnrd-mod8-kv/secrets/redis-hostname/versions/6b06c5900d404b058d701c1f0f9ba662",
            "resource_versionless_id": "/subscriptions/40a5eff4-736c-4bfd-b51c-ce6854fdd71d/resourceGroups/cmtr-31zawnrd-mod8-rg/providers/Microsoft.KeyVault/vaults/cmtr-31zawnrd-mod8-kv/secrets/redis-hostname",
            "tags": null,
            "timeouts": null,
            "value": "cmtr-31zawnrd-mod8-redis.redis.cache.windows.net",
            "version": "6b06c5900d404b058d701c1f0f9ba662",
            "versionless_id": "https://cmtr-31zawnrd-mod8-kv.vault.azure.net/secrets/redis-hostname"
          },
          "sensitive_attributes": [
            [
              {
                "type": "get_attr",
                "value": "value"
              }
            ]
          ],
          "identity_schema_version": 0,
          "private": "eyJlMmJmYjczMC1lY2FhLTExZTYtOGY4OC0zNDM2M2JjN2M0YzAiOnsiY3JlYXRlIjoxODAwMDAwMDAwMDAwLCJkZWxldGUiOjE4MDAwMDAwMDAwMDAsInJlYWQiOjE4MDAwMDAwMDAwMDAsInVwZGF0ZSI6MTgwMDAwMDAwMDAwMH19",
          "dependencies": [
            "azurerm_resource_group.main",
            "data.azurerm_client_config.current",
            "module.keyvault.azurerm_key_vault.main",
            "module.redis.azurerm_redis_cache.main"
          ]
        }
      ]
    },
    {
      "module": "module.redis",
      "mode": "managed",
      "type": "azurerm_key_vault_secret",
      "name": "redis_primary_key",
      "provider": "provider[\"registry.terraform.io/hashicorp/azurerm\"]",
      "instances": [
        {
          "schema_version": 0,
          "attributes": {
            "content_type": "",
            "expiration_date": null,
            "id": "https://cmtr-31zawnrd-mod8-kv.vault.azure.net/secrets/redis-primary-key/cbcd52138e5040699e6f4e7f3e6b406d",
            "key_vault_id": "/subscriptions/40a5eff4-736c-4bfd-b51c-ce6854fdd71d/resourceGroups/cmtr-31zawnrd-mod8-rg/providers/Microsoft.KeyVault/vaults/cmtr-31zawnrd-mod8-kv",
            "name": "redis-primary-key",
            "not_before_date": null,
            "resource_id": "/subscriptions/40a5eff4-736c-4bfd-b51c-ce6854fdd71d/resourceGroups/cmtr-31zawnrd-mod8-rg/providers/Microsoft.KeyVault/vaults/cmtr-31zawnrd-mod8-kv/secrets/redis-primary-key/versions/cbcd52138e5040699e6f4e7f3e6b406d",
            "resource_versionless_id": "/subscriptions/40a5eff4-736c-4bfd-b51c-ce6854fdd71d/resourceGroups/cmtr-31zawnrd-mod8-rg/providers/Microsoft.KeyVault/vaults/cmtr-31zawnrd-mod8-kv/secrets/redis-primary-key",
            "tags": null,
            "timeouts": null,
            "value": "5v0HWbxdhKCIUfoWdWki9MDTN4UItpDd9AzCaCrusQ4=",
            "version": "cbcd52138e5040699e6f4e7f3e6b406d",
            "versionless_id": "https://cmtr-31zawnrd-mod8-kv.vault.azure.net/secrets/redis-primary-key"
          },
          "sensitive_attributes": [
            [
              {
                "type": "get_attr",
                "value": "value"
              }
            ]
          ],
          "identity_schema_version": 0,
          "private": "eyJlMmJmYjczMC1lY2FhLTExZTYtOGY4OC0zNDM2M2JjN2M0YzAiOnsiY3JlYXRlIjoxODAwMDAwMDAwMDAwLCJkZWxldGUiOjE4MDAwMDAwMDAwMDAsInJlYWQiOjE4MDAwMDAwMDAwMDAsInVwZGF0ZSI6MTgwMDAwMDAwMDAwMH19",
          "dependencies": [
            "azurerm_resource_group.main",
            "data.azurerm_client_config.current",
            "module.keyvault.azurerm_key_vault.main",
            "module.redis.azurerm_redis_cache.main"
          ]
        }
      ]
    },
    {
      "module": "module.redis",
      "mode": "managed",
      "type": "azurerm_redis_cache",
      "name": "main",
      "provider": "provider[\"registry.terraform.io/hashicorp/azurerm\"]",
      "instances": [
        {
          "schema_version": 1,
          "attributes": {
            "capacity": 2,
            "enable_non_ssl_port": false,
            "family": "C",
            "hostname": "cmtr-31zawnrd-mod8-redis.redis.cache.windows.net",
            "id": "/subscriptions/40a5eff4-736c-4bfd-b51c-ce6854fdd71d/resourceGroups/cmtr-31zawnrd-mod8-rg/providers/Microsoft.Cache/redis/cmtr-31zawnrd-mod8-redis",
            "identity": [],
            "location": "westus",
            "minimum_tls_version": "1.2",
            "name": "cmtr-31zawnrd-mod8-redis",
            "non_ssl_port_enabled": false,
            "patch_schedule": [],
            "port": 6379,
            "primary_access_key": "5v0HWbxdhKCIUfoWdWki9MDTN4UItpDd9AzCaCrusQ4=",
            "primary_connection_string": "cmtr-31zawnrd-mod8-redis.redis.cache.windows.net:6380,password=5v0HWbxdhKCIUfoWdWki9MDTN4UItpDd9AzCaCrusQ4=,ssl=true,abortConnect=False",
            "private_static_ip_address": "",
            "public_network_access_enabled": true,
            "redis_configuration": [
              {
                "active_directory_authentication_enabled": false,
                "aof_backup_enabled": false,
                "aof_storage_connection_string_0": "",
                "aof_storage_connection_string_1": "",
                "authentication_enabled": true,
                "data_persistence_authentication_method": "SAS",
                "enable_authentication": true,
                "maxclients": 2000,
                "maxfragmentationmemory_reserved": 299,
                "maxmemory_delta": 299,
                "maxmemory_policy": "volatile-lru",
                "maxmemory_reserved": 299,
                "notify_keyspace_events": "",
                "rdb_backup_enabled": false,
                "rdb_backup_frequency": 0,
                "rdb_backup_max_snapshot_count": 0,
                "rdb_storage_connection_string": "",
                "storage_account_subscription_id": ""
              }
            ],
            "redis_version": "6.0",
            "replicas_per_master": 0,
            "replicas_per_primary": 0,
            "resource_group_name": "cmtr-31zawnrd-mod8-rg",
            "secondary_access_key": "wKQf34IoCEq3NlO5wn1V0rSwrAEcWAYffAzCaFKaQhY=",
            "secondary_connection_string": "cmtr-31zawnrd-mod8-redis.redis.cache.windows.net:6380,password=wKQf34IoCEq3NlO5wn1V0rSwrAEcWAYffAzCaFKaQhY=,ssl=true,abortConnect=False",
            "shard_count": 0,
            "sku_name": "Basic",
            "ssl_port": 6380,
            "subnet_id": "",
            "tags": null,
            "tenant_settings": null,
            "timeouts": null,
            "zones": null
          },
          "sensitive_attributes": [
            [
              {
                "type": "get_attr",
                "value": "primary_access_key"
              }
            ],
            [
              {
                "type": "get_attr",
                "value": "primary_connection_string"
              }
            ],
            [
              {
                "type": "get_attr",
                "value": "redis_configuration"
              },
              {
                "type": "index",
                "value": {
                  "value": 0,
                  "type": "number"
                }
              },
              {
                "type": "get_attr",
                "value": "aof_storage_connection_string_0"
              }
            ],
            [
              {
                "type": "get_attr",
                "value": "redis_configuration"
              },
              {
                "type": "index",
                "value": {
                  "value": 0,
                  "type": "number"
                }
              },
              {
                "type": "get_attr",
                "value": "aof_storage_connection_string_1"
              }
            ],
            [
              {
                "type": "get_attr",
                "value": "redis_configuration"
              },
              {
                "type": "index",
                "value": {
                  "value": 0,
                  "type": "number"
                }
              },
              {
                "type": "get_attr",
                "value": "rdb_storage_connection_string"
              }
            ],
            [
              {
                "type": "get_attr",
                "value": "secondary_access_key"
              }
            ],
            [
              {
                "type": "get_attr",
                "value": "secondary_connection_string"
              }
            ]
          ],
          "identity_schema_version": 0,
          "private": "eyJlMmJmYjczMC1lY2FhLTExZTYtOGY4OC0zNDM2M2JjN2M0YzAiOnsiY3JlYXRlIjoxMDgwMDAwMDAwMDAwMCwiZGVsZXRlIjoxMDgwMDAwMDAwMDAwMCwicmVhZCI6MzAwMDAwMDAwMDAwLCJ1cGRhdGUiOjEwODAwMDAwMDAwMDAwfSwic2NoZW1hX3ZlcnNpb24iOiIxIn0=",
          "dependencies": [
            "azurerm_resource_group.main",
            "data.azurerm_client_config.current",
            "module.keyvault.azurerm_key_vault.main"
          ]
        }
      ]
    }
  ],
  "check_results": null
}
